PODS:
  - OpenCV (4.10.0)

DEPENDENCIES:
  - OpenCV (from `../opencv-local.podspec.json`)

EXTERNAL SOURCES:
  OpenCV:
    :podspec: "../opencv-local.podspec.json"

SPEC CHECKSUMS:
  OpenCV: 22d2ac910a526f545e871b1cfdbcf14f425372a5

PODFILE CHECKSUM: ec7994a064f183d3b1f5ac78d220a5e952544a81

COCOAPODS: 1.15.2
