PODS:
  - OpenCV (4.10.0)

DEPENDENCIES:
  - OpenCV (from `../opencv-local.podspec.json`)

EXTERNAL SOURCES:
  OpenCV:
    :podspec: "../opencv-local.podspec.json"

SPEC CHECKSUMS:
  OpenCV: 4b69c5fb296c72cc81f96575a1187bb8a5412d4b

PODFILE CHECKSUM: e876c82877d288d1a166be0134727580471bdb2a

COCOAPODS: 1.16.2
