PODS:
  - OpenCV (4.10.0)

DEPENDENCIES:
  - OpenCV (from `../opencv-local.podspec.json`)

EXTERNAL SOURCES:
  OpenCV:
    :podspec: "../opencv-local.podspec.json"

SPEC CHECKSUMS:
  OpenCV: 22d2ac910a526f545e871b1cfdbcf14f425372a5

PODFILE CHECKSUM: a544826f02424086db60af93dc44cd614899593f

COCOAPODS: 1.12.1
