// !$*UTF8*$!
{
	archiveVersion = 1;
	classes = {
	};
	objectVersion = 56;
	objects = {

/* Begin PBXBuildFile section */
		5877DF0C97F6EC6BE7093384 /* Pods_RouteBoardTests.framework in Frameworks */ = {isa = PBXBuildFile; fileRef = 58E28E10B457886DD714A1EF /* Pods_RouteBoardTests.framework */; };
		AAE417458608D5C255F2CAB6 /* Pods_RouteBoard.framework in Frameworks */ = {isa = PBXBuildFile; fileRef = 581BEAF5AA3A1400BF6474A4 /* Pods_RouteBoard.framework */; };
		AF191C6E2C34B8AD000EBB61 /* RouteFinderBottomInfoView.swift in Sources */ = {isa = PBXBuildFile; fileRef = AF191C6D2C34B8AD000EBB61 /* RouteFinderBottomInfoView.swift */; };
		AF191C702C34D953000EBB61 /* InformationRectanglesView.swift in Sources */ = {isa = PBXBuildFile; fileRef = AF191C6F2C34D953000EBB61 /* InformationRectanglesView.swift */; };
		AF869C9D2C3064AA0092E371 /* RouteBoardApp.swift in Sources */ = {isa = PBXBuildFile; fileRef = AF869C9C2C3064AA0092E371 /* RouteBoardApp.swift */; };
		AF869CA12C3064AB0092E371 /* Assets.xcassets in Resources */ = {isa = PBXBuildFile; fileRef = AF869CA02C3064AB0092E371 /* Assets.xcassets */; };
		AF869CA42C3064AB0092E371 /* Preview Assets.xcassets in Resources */ = {isa = PBXBuildFile; fileRef = AF869CA32C3064AB0092E371 /* Preview Assets.xcassets */; };
		AF869CAE2C3064AB0092E371 /* RouteBoardTests.swift in Sources */ = {isa = PBXBuildFile; fileRef = AF869CAD2C3064AB0092E371 /* RouteBoardTests.swift */; };
		AF869CB82C3064AB0092E371 /* RouteBoardUITests.swift in Sources */ = {isa = PBXBuildFile; fileRef = AF869CB72C3064AB0092E371 /* RouteBoardUITests.swift */; };
		AF869CBA2C3064AB0092E371 /* RouteBoardUITestsLaunchTests.swift in Sources */ = {isa = PBXBuildFile; fileRef = AF869CB92C3064AB0092E371 /* RouteBoardUITestsLaunchTests.swift */; };
		AF869CCE2C307CC50092E371 /* RouteFinderView.swift in Sources */ = {isa = PBXBuildFile; fileRef = AF869CCD2C307CC50092E371 /* RouteFinderView.swift */; };
		AF869CD02C307CFA0092E371 /* ViewFinderView.swift in Sources */ = {isa = PBXBuildFile; fileRef = AF869CCF2C307CFA0092E371 /* ViewFinderView.swift */; };
		AF869CD22C307D870092E371 /* RouteImageModel.swift in Sources */ = {isa = PBXBuildFile; fileRef = AF869CD12C307D870092E371 /* RouteImageModel.swift */; };
		AF869CD52C30B2E10092E371 /* Camera.swift in Sources */ = {isa = PBXBuildFile; fileRef = AF869CD42C30B29C0092E371 /* Camera.swift */; };
		AF9B624E2C348E4B003762B0 /* SectorView.swift in Sources */ = {isa = PBXBuildFile; fileRef = AF9B624D2C348E4B003762B0 /* SectorView.swift */; };
		AF9B62512C349484003762B0 /* ImageCarouselView.swift in Sources */ = {isa = PBXBuildFile; fileRef = AF9B62502C349484003762B0 /* ImageCarouselView.swift */; };
		AF9B62542C34A271003762B0 /* ExtendedDivider.swift in Sources */ = {isa = PBXBuildFile; fileRef = AF9B62532C34A271003762B0 /* ExtendedDivider.swift */; };
		AF9E0C632C3741A900984C58 /* GradesGraphView.swift in Sources */ = {isa = PBXBuildFile; fileRef = AF9E0C622C3741A900984C58 /* GradesGraphView.swift */; };
		AF9E0C652C37421900984C58 /* GradesGraphModel.swift in Sources */ = {isa = PBXBuildFile; fileRef = AF9E0C642C37421900984C58 /* GradesGraphModel.swift */; };
		AF9E0C6C2C3747C500984C58 /* ClimbingGrades.swift in Sources */ = {isa = PBXBuildFile; fileRef = AF9E0C6B2C3747C500984C58 /* ClimbingGrades.swift */; };
		AF9E0C6F2C3747FD00984C58 /* FrenchClimbingGrades.swift in Sources */ = {isa = PBXBuildFile; fileRef = AF9E0C6E2C3747FD00984C58 /* FrenchClimbingGrades.swift */; };
		AFD3916F2C30B977008CF2A7 /* OpenCVWrapper.mm in Sources */ = {isa = PBXBuildFile; fileRef = AFD3916E2C30B977008CF2A7 /* OpenCVWrapper.mm */; };
		AFD3918F2C3191A8008CF2A7 /* ImportSamplesSwift.swift in Sources */ = {isa = PBXBuildFile; fileRef = AFD3918E2C3191A8008CF2A7 /* ImportSamplesSwift.swift */; };
		AFD391912C319B82008CF2A7 /* ProcessedSamplesSwift.swift in Sources */ = {isa = PBXBuildFile; fileRef = AFD391902C319B82008CF2A7 /* ProcessedSamplesSwift.swift */; };
		D82B3CDC3B5AFD1CEA062063 /* Pods_RouteBoard_RouteBoardUITests.framework in Frameworks */ = {isa = PBXBuildFile; fileRef = 0873878112B03EB2390F10F3 /* Pods_RouteBoard_RouteBoardUITests.framework */; };
/* End PBXBuildFile section */

/* Begin PBXContainerItemProxy section */
		AF869CAA2C3064AB0092E371 /* PBXContainerItemProxy */ = {
			isa = PBXContainerItemProxy;
			containerPortal = AF869C912C3064AA0092E371 /* Project object */;
			proxyType = 1;
			remoteGlobalIDString = AF869C982C3064AA0092E371;
			remoteInfo = RouteBoard;
		};
		AF869CB42C3064AB0092E371 /* PBXContainerItemProxy */ = {
			isa = PBXContainerItemProxy;
			containerPortal = AF869C912C3064AA0092E371 /* Project object */;
			proxyType = 1;
			remoteGlobalIDString = AF869C982C3064AA0092E371;
			remoteInfo = RouteBoard;
		};
/* End PBXContainerItemProxy section */

/* Begin PBXFileReference section */
		0158C26B32B4CCEE15AC957F /* Pods-RouteBoardTests.release.xcconfig */ = {isa = PBXFileReference; includeInIndex = 1; lastKnownFileType = text.xcconfig; name = "Pods-RouteBoardTests.release.xcconfig"; path = "Target Support Files/Pods-RouteBoardTests/Pods-RouteBoardTests.release.xcconfig"; sourceTree = "<group>"; };
		0873878112B03EB2390F10F3 /* Pods_RouteBoard_RouteBoardUITests.framework */ = {isa = PBXFileReference; explicitFileType = wrapper.framework; includeInIndex = 0; path = Pods_RouteBoard_RouteBoardUITests.framework; sourceTree = BUILT_PRODUCTS_DIR; };
		581BEAF5AA3A1400BF6474A4 /* Pods_RouteBoard.framework */ = {isa = PBXFileReference; explicitFileType = wrapper.framework; includeInIndex = 0; path = Pods_RouteBoard.framework; sourceTree = BUILT_PRODUCTS_DIR; };
		58E28E10B457886DD714A1EF /* Pods_RouteBoardTests.framework */ = {isa = PBXFileReference; explicitFileType = wrapper.framework; includeInIndex = 0; path = Pods_RouteBoardTests.framework; sourceTree = BUILT_PRODUCTS_DIR; };
		7632F973FF52A1460205F349 /* Pods-RouteBoard.debug.xcconfig */ = {isa = PBXFileReference; includeInIndex = 1; lastKnownFileType = text.xcconfig; name = "Pods-RouteBoard.debug.xcconfig"; path = "Target Support Files/Pods-RouteBoard/Pods-RouteBoard.debug.xcconfig"; sourceTree = "<group>"; };
		79E6BEA7F981DB1A256063BF /* Pods-RouteBoard-RouteBoardUITests.release.xcconfig */ = {isa = PBXFileReference; includeInIndex = 1; lastKnownFileType = text.xcconfig; name = "Pods-RouteBoard-RouteBoardUITests.release.xcconfig"; path = "Target Support Files/Pods-RouteBoard-RouteBoardUITests/Pods-RouteBoard-RouteBoardUITests.release.xcconfig"; sourceTree = "<group>"; };
		9985AD715A892F4707551BEE /* Pods-RouteBoard.release.xcconfig */ = {isa = PBXFileReference; includeInIndex = 1; lastKnownFileType = text.xcconfig; name = "Pods-RouteBoard.release.xcconfig"; path = "Target Support Files/Pods-RouteBoard/Pods-RouteBoard.release.xcconfig"; sourceTree = "<group>"; };
		A117A1C788E41228F3CF85DD /* Pods-RouteBoard-RouteBoardUITests.debug.xcconfig */ = {isa = PBXFileReference; includeInIndex = 1; lastKnownFileType = text.xcconfig; name = "Pods-RouteBoard-RouteBoardUITests.debug.xcconfig"; path = "Target Support Files/Pods-RouteBoard-RouteBoardUITests/Pods-RouteBoard-RouteBoardUITests.debug.xcconfig"; sourceTree = "<group>"; };
		AF191C6D2C34B8AD000EBB61 /* RouteFinderBottomInfoView.swift */ = {isa = PBXFileReference; lastKnownFileType = sourcecode.swift; path = RouteFinderBottomInfoView.swift; sourceTree = "<group>"; };
		AF191C6F2C34D953000EBB61 /* InformationRectanglesView.swift */ = {isa = PBXFileReference; lastKnownFileType = sourcecode.swift; path = InformationRectanglesView.swift; sourceTree = "<group>"; };
		AF869C992C3064AA0092E371 /* RouteBoard.app */ = {isa = PBXFileReference; explicitFileType = wrapper.application; includeInIndex = 0; path = RouteBoard.app; sourceTree = BUILT_PRODUCTS_DIR; };
		AF869C9C2C3064AA0092E371 /* RouteBoardApp.swift */ = {isa = PBXFileReference; lastKnownFileType = sourcecode.swift; path = RouteBoardApp.swift; sourceTree = "<group>"; };
		AF869CA02C3064AB0092E371 /* Assets.xcassets */ = {isa = PBXFileReference; lastKnownFileType = folder.assetcatalog; path = Assets.xcassets; sourceTree = "<group>"; };
		AF869CA32C3064AB0092E371 /* Preview Assets.xcassets */ = {isa = PBXFileReference; lastKnownFileType = folder.assetcatalog; path = "Preview Assets.xcassets"; sourceTree = "<group>"; };
		AF869CA92C3064AB0092E371 /* RouteBoardTests.xctest */ = {isa = PBXFileReference; explicitFileType = wrapper.cfbundle; includeInIndex = 0; path = RouteBoardTests.xctest; sourceTree = BUILT_PRODUCTS_DIR; };
		AF869CAD2C3064AB0092E371 /* RouteBoardTests.swift */ = {isa = PBXFileReference; lastKnownFileType = sourcecode.swift; path = RouteBoardTests.swift; sourceTree = "<group>"; };
		AF869CB32C3064AB0092E371 /* RouteBoardUITests.xctest */ = {isa = PBXFileReference; explicitFileType = wrapper.cfbundle; includeInIndex = 0; path = RouteBoardUITests.xctest; sourceTree = BUILT_PRODUCTS_DIR; };
		AF869CB72C3064AB0092E371 /* RouteBoardUITests.swift */ = {isa = PBXFileReference; lastKnownFileType = sourcecode.swift; path = RouteBoardUITests.swift; sourceTree = "<group>"; };
		AF869CB92C3064AB0092E371 /* RouteBoardUITestsLaunchTests.swift */ = {isa = PBXFileReference; lastKnownFileType = sourcecode.swift; path = RouteBoardUITestsLaunchTests.swift; sourceTree = "<group>"; };
		AF869CCD2C307CC50092E371 /* RouteFinderView.swift */ = {isa = PBXFileReference; lastKnownFileType = sourcecode.swift; path = RouteFinderView.swift; sourceTree = "<group>"; };
		AF869CCF2C307CFA0092E371 /* ViewFinderView.swift */ = {isa = PBXFileReference; lastKnownFileType = sourcecode.swift; path = ViewFinderView.swift; sourceTree = "<group>"; };
		AF869CD12C307D870092E371 /* RouteImageModel.swift */ = {isa = PBXFileReference; lastKnownFileType = sourcecode.swift; path = RouteImageModel.swift; sourceTree = "<group>"; };
		AF869CD42C30B29C0092E371 /* Camera.swift */ = {isa = PBXFileReference; lastKnownFileType = sourcecode.swift; path = Camera.swift; sourceTree = "<group>"; };
		AF9B624D2C348E4B003762B0 /* SectorView.swift */ = {isa = PBXFileReference; lastKnownFileType = sourcecode.swift; path = SectorView.swift; sourceTree = "<group>"; };
		AF9B62502C349484003762B0 /* ImageCarouselView.swift */ = {isa = PBXFileReference; lastKnownFileType = sourcecode.swift; path = ImageCarouselView.swift; sourceTree = "<group>"; };
		AF9B62532C34A271003762B0 /* ExtendedDivider.swift */ = {isa = PBXFileReference; lastKnownFileType = sourcecode.swift; path = ExtendedDivider.swift; sourceTree = "<group>"; };
		AF9E0C622C3741A900984C58 /* GradesGraphView.swift */ = {isa = PBXFileReference; lastKnownFileType = sourcecode.swift; path = GradesGraphView.swift; sourceTree = "<group>"; };
		AF9E0C642C37421900984C58 /* GradesGraphModel.swift */ = {isa = PBXFileReference; lastKnownFileType = sourcecode.swift; path = GradesGraphModel.swift; sourceTree = "<group>"; };
		AF9E0C6B2C3747C500984C58 /* ClimbingGrades.swift */ = {isa = PBXFileReference; lastKnownFileType = sourcecode.swift; path = ClimbingGrades.swift; sourceTree = "<group>"; };
		AF9E0C6E2C3747FD00984C58 /* FrenchClimbingGrades.swift */ = {isa = PBXFileReference; lastKnownFileType = sourcecode.swift; path = FrenchClimbingGrades.swift; sourceTree = "<group>"; };
		AFD3916D2C30B976008CF2A7 /* RouteBoard-Bridging-Header.h */ = {isa = PBXFileReference; lastKnownFileType = sourcecode.c.h; path = "RouteBoard-Bridging-Header.h"; sourceTree = "<group>"; };
		AFD3916E2C30B977008CF2A7 /* OpenCVWrapper.mm */ = {isa = PBXFileReference; lastKnownFileType = sourcecode.cpp.objcpp; path = OpenCVWrapper.mm; sourceTree = "<group>"; };
		AFD391702C30BA94008CF2A7 /* OpenCVWrapper.h */ = {isa = PBXFileReference; lastKnownFileType = sourcecode.c.h; path = OpenCVWrapper.h; sourceTree = "<group>"; };
		AFD391712C30C11B008CF2A7 /* PrefixHeader.pch */ = {isa = PBXFileReference; lastKnownFileType = sourcecode.c.h; path = PrefixHeader.pch; sourceTree = "<group>"; };
		AFD3918E2C3191A8008CF2A7 /* ImportSamplesSwift.swift */ = {isa = PBXFileReference; lastKnownFileType = sourcecode.swift; path = ImportSamplesSwift.swift; sourceTree = "<group>"; };
		AFD391902C319B82008CF2A7 /* ProcessedSamplesSwift.swift */ = {isa = PBXFileReference; lastKnownFileType = sourcecode.swift; path = ProcessedSamplesSwift.swift; sourceTree = "<group>"; };
		FEB597834523DE58EF396342 /* Pods-RouteBoardTests.debug.xcconfig */ = {isa = PBXFileReference; includeInIndex = 1; lastKnownFileType = text.xcconfig; name = "Pods-RouteBoardTests.debug.xcconfig"; path = "Target Support Files/Pods-RouteBoardTests/Pods-RouteBoardTests.debug.xcconfig"; sourceTree = "<group>"; };
/* End PBXFileReference section */

/* Begin PBXFrameworksBuildPhase section */
		AF869C962C3064AA0092E371 /* Frameworks */ = {
			isa = PBXFrameworksBuildPhase;
			buildActionMask = 2147483647;
			files = (
				AAE417458608D5C255F2CAB6 /* Pods_RouteBoard.framework in Frameworks */,
			);
			runOnlyForDeploymentPostprocessing = 0;
		};
		AF869CA62C3064AB0092E371 /* Frameworks */ = {
			isa = PBXFrameworksBuildPhase;
			buildActionMask = 2147483647;
			files = (
				5877DF0C97F6EC6BE7093384 /* Pods_RouteBoardTests.framework in Frameworks */,
			);
			runOnlyForDeploymentPostprocessing = 0;
		};
		AF869CB02C3064AB0092E371 /* Frameworks */ = {
			isa = PBXFrameworksBuildPhase;
			buildActionMask = 2147483647;
			files = (
				D82B3CDC3B5AFD1CEA062063 /* Pods_RouteBoard_RouteBoardUITests.framework in Frameworks */,
			);
			runOnlyForDeploymentPostprocessing = 0;
		};
/* End PBXFrameworksBuildPhase section */

/* Begin PBXGroup section */
		AF191C712C35EB92000EBB61 /* Theme */ = {
			isa = PBXGroup;
			children = (
			);
			path = Theme;
			sourceTree = "<group>";
		};
		AF869C902C3064AA0092E371 = {
			isa = PBXGroup;
			children = (
				AF869C9B2C3064AA0092E371 /* RouteBoard */,
				AF869CAC2C3064AB0092E371 /* RouteBoardTests */,
				AF869CB62C3064AB0092E371 /* RouteBoardUITests */,
				AF869C9A2C3064AA0092E371 /* Products */,
				FEBC264089E2C785C11FAB6F /* Pods */,
				F3D5A001267A39D837F0A898 /* Frameworks */,
			);
			sourceTree = "<group>";
		};
		AF869C9A2C3064AA0092E371 /* Products */ = {
			isa = PBXGroup;
			children = (
				AF869C992C3064AA0092E371 /* RouteBoard.app */,
				AF869CA92C3064AB0092E371 /* RouteBoardTests.xctest */,
				AF869CB32C3064AB0092E371 /* RouteBoardUITests.xctest */,
			);
			name = Products;
			sourceTree = "<group>";
		};
		AF869C9B2C3064AA0092E371 /* RouteBoard */ = {
			isa = PBXGroup;
			children = (
				AF9B62472C346D52003762B0 /* Features */,
				AF9B62462C346D47003762B0 /* Base */,
				AF869C9C2C3064AA0092E371 /* RouteBoardApp.swift */,
				AF869CA02C3064AB0092E371 /* Assets.xcassets */,
				AF869CA22C3064AB0092E371 /* Preview Content */,
				AFD3916E2C30B977008CF2A7 /* OpenCVWrapper.mm */,
				AFD3916D2C30B976008CF2A7 /* RouteBoard-Bridging-Header.h */,
				AFD391702C30BA94008CF2A7 /* OpenCVWrapper.h */,
				AFD391712C30C11B008CF2A7 /* PrefixHeader.pch */,
			);
			path = RouteBoard;
			sourceTree = "<group>";
		};
		AF869CA22C3064AB0092E371 /* Preview Content */ = {
			isa = PBXGroup;
			children = (
				AF869CA32C3064AB0092E371 /* Preview Assets.xcassets */,
			);
			path = "Preview Content";
			sourceTree = "<group>";
		};
		AF869CAC2C3064AB0092E371 /* RouteBoardTests */ = {
			isa = PBXGroup;
			children = (
				AF869CAD2C3064AB0092E371 /* RouteBoardTests.swift */,
			);
			path = RouteBoardTests;
			sourceTree = "<group>";
		};
		AF869CB62C3064AB0092E371 /* RouteBoardUITests */ = {
			isa = PBXGroup;
			children = (
				AF869CB72C3064AB0092E371 /* RouteBoardUITests.swift */,
				AF869CB92C3064AB0092E371 /* RouteBoardUITestsLaunchTests.swift */,
			);
			path = RouteBoardUITests;
			sourceTree = "<group>";
		};
		AF869CC62C3065B20092E371 /* RouteFinder */ = {
			isa = PBXGroup;
			children = (
				AF869CCD2C307CC50092E371 /* RouteFinderView.swift */,
				AF9B624A2C346DAC003762B0 /* View Model */,
				AF9B62492C346DA0003762B0 /* Model */,
				AF9B62482C346D99003762B0 /* Views */,
			);
			path = RouteFinder;
			sourceTree = "<group>";
		};
		AF9B62462C346D47003762B0 /* Base */ = {
			isa = PBXGroup;
			children = (
				AF9E0C6A2C37476B00984C58 /* ClimbingGrades */,
				AF191C712C35EB92000EBB61 /* Theme */,
				AF9B62522C34A261003762B0 /* ExtendedDivider */,
				AF9B624F2C349472003762B0 /* ImageCarousel */,
				AF869CD42C30B29C0092E371 /* Camera.swift */,
			);
			path = Base;
			sourceTree = "<group>";
		};
		AF9B62472C346D52003762B0 /* Features */ = {
			isa = PBXGroup;
			children = (
				AF9B624B2C348D0F003762B0 /* Sector */,
				AF869CC62C3065B20092E371 /* RouteFinder */,
			);
			path = Features;
			sourceTree = "<group>";
		};
		AF9B62482C346D99003762B0 /* Views */ = {
			isa = PBXGroup;
			children = (
				AF869CCF2C307CFA0092E371 /* ViewFinderView.swift */,
				AF191C6D2C34B8AD000EBB61 /* RouteFinderBottomInfoView.swift */,
			);
			path = Views;
			sourceTree = "<group>";
		};
		AF9B62492C346DA0003762B0 /* Model */ = {
			isa = PBXGroup;
			children = (
				AFD3918E2C3191A8008CF2A7 /* ImportSamplesSwift.swift */,
				AFD391902C319B82008CF2A7 /* ProcessedSamplesSwift.swift */,
			);
			path = Model;
			sourceTree = "<group>";
		};
		AF9B624A2C346DAC003762B0 /* View Model */ = {
			isa = PBXGroup;
			children = (
				AF869CD12C307D870092E371 /* RouteImageModel.swift */,
			);
			path = "View Model";
			sourceTree = "<group>";
		};
		AF9B624B2C348D0F003762B0 /* Sector */ = {
			isa = PBXGroup;
			children = (
				AF9E0C662C37422100984C58 /* View Model */,
				AF9B624C2C348D30003762B0 /* Views */,
				AF9B624D2C348E4B003762B0 /* SectorView.swift */,
			);
			path = Sector;
			sourceTree = "<group>";
		};
		AF9B624C2C348D30003762B0 /* Views */ = {
			isa = PBXGroup;
			children = (
				AF191C6F2C34D953000EBB61 /* InformationRectanglesView.swift */,
				AF9E0C622C3741A900984C58 /* GradesGraphView.swift */,
			);
			path = Views;
			sourceTree = "<group>";
		};
		AF9B624F2C349472003762B0 /* ImageCarousel */ = {
			isa = PBXGroup;
			children = (
				AF9B62502C349484003762B0 /* ImageCarouselView.swift */,
			);
			path = ImageCarousel;
			sourceTree = "<group>";
		};
		AF9B62522C34A261003762B0 /* ExtendedDivider */ = {
			isa = PBXGroup;
			children = (
				AF9B62532C34A271003762B0 /* ExtendedDivider.swift */,
			);
			path = ExtendedDivider;
			sourceTree = "<group>";
		};
		AF9E0C662C37422100984C58 /* View Model */ = {
			isa = PBXGroup;
			children = (
				AF9E0C642C37421900984C58 /* GradesGraphModel.swift */,
			);
			path = "View Model";
			sourceTree = "<group>";
		};
		AF9E0C6A2C37476B00984C58 /* ClimbingGrades */ = {
			isa = PBXGroup;
			children = (
				AF9E0C6D2C3747F200984C58 /* impls */,
				AF9E0C6B2C3747C500984C58 /* ClimbingGrades.swift */,
			);
			path = ClimbingGrades;
			sourceTree = "<group>";
		};
		AF9E0C6D2C3747F200984C58 /* impls */ = {
			isa = PBXGroup;
			children = (
				AF9E0C6E2C3747FD00984C58 /* FrenchClimbingGrades.swift */,
			);
			path = impls;
			sourceTree = "<group>";
		};
		F3D5A001267A39D837F0A898 /* Frameworks */ = {
			isa = PBXGroup;
			children = (
				581BEAF5AA3A1400BF6474A4 /* Pods_RouteBoard.framework */,
				0873878112B03EB2390F10F3 /* Pods_RouteBoard_RouteBoardUITests.framework */,
				58E28E10B457886DD714A1EF /* Pods_RouteBoardTests.framework */,
			);
			name = Frameworks;
			sourceTree = "<group>";
		};
		FEBC264089E2C785C11FAB6F /* Pods */ = {
			isa = PBXGroup;
			children = (
				7632F973FF52A1460205F349 /* Pods-RouteBoard.debug.xcconfig */,
				9985AD715A892F4707551BEE /* Pods-RouteBoard.release.xcconfig */,
				A117A1C788E41228F3CF85DD /* Pods-RouteBoard-RouteBoardUITests.debug.xcconfig */,
				79E6BEA7F981DB1A256063BF /* Pods-RouteBoard-RouteBoardUITests.release.xcconfig */,
				FEB597834523DE58EF396342 /* Pods-RouteBoardTests.debug.xcconfig */,
				0158C26B32B4CCEE15AC957F /* Pods-RouteBoardTests.release.xcconfig */,
			);
			path = Pods;
			sourceTree = "<group>";
		};
/* End PBXGroup section */

/* Begin PBXNativeTarget section */
		AF869C982C3064AA0092E371 /* RouteBoard */ = {
			isa = PBXNativeTarget;
			buildConfigurationList = AF869CBD2C3064AB0092E371 /* Build configuration list for PBXNativeTarget "RouteBoard" */;
			buildPhases = (
				A90B54A71FC311A2302DC9B6 /* [CP] Check Pods Manifest.lock */,
				AF869C952C3064AA0092E371 /* Sources */,
				AF869C962C3064AA0092E371 /* Frameworks */,
				AF869C972C3064AA0092E371 /* Resources */,
			);
			buildRules = (
			);
			dependencies = (
			);
			name = RouteBoard;
			productName = RouteBoard;
			productReference = AF869C992C3064AA0092E371 /* RouteBoard.app */;
			productType = "com.apple.product-type.application";
		};
		AF869CA82C3064AB0092E371 /* RouteBoardTests */ = {
			isa = PBXNativeTarget;
			buildConfigurationList = AF869CC02C3064AB0092E371 /* Build configuration list for PBXNativeTarget "RouteBoardTests" */;
			buildPhases = (
				AC3E2F236092C72D7851328D /* [CP] Check Pods Manifest.lock */,
				AF869CA52C3064AB0092E371 /* Sources */,
				AF869CA62C3064AB0092E371 /* Frameworks */,
				AF869CA72C3064AB0092E371 /* Resources */,
			);
			buildRules = (
			);
			dependencies = (
				AF869CAB2C3064AB0092E371 /* PBXTargetDependency */,
			);
			name = RouteBoardTests;
			productName = RouteBoardTests;
			productReference = AF869CA92C3064AB0092E371 /* RouteBoardTests.xctest */;
			productType = "com.apple.product-type.bundle.unit-test";
		};
		AF869CB22C3064AB0092E371 /* RouteBoardUITests */ = {
			isa = PBXNativeTarget;
			buildConfigurationList = AF869CC32C3064AB0092E371 /* Build configuration list for PBXNativeTarget "RouteBoardUITests" */;
			buildPhases = (
				B4D8F7793723FC3366754434 /* [CP] Check Pods Manifest.lock */,
				AF869CAF2C3064AB0092E371 /* Sources */,
				AF869CB02C3064AB0092E371 /* Frameworks */,
				AF869CB12C3064AB0092E371 /* Resources */,
			);
			buildRules = (
			);
			dependencies = (
				AF869CB52C3064AB0092E371 /* PBXTargetDependency */,
			);
			name = RouteBoardUITests;
			productName = RouteBoardUITests;
			productReference = AF869CB32C3064AB0092E371 /* RouteBoardUITests.xctest */;
			productType = "com.apple.product-type.bundle.ui-testing";
		};
/* End PBXNativeTarget section */

/* Begin PBXProject section */
		AF869C912C3064AA0092E371 /* Project object */ = {
			isa = PBXProject;
			attributes = {
				BuildIndependentTargetsInParallel = 1;
				LastSwiftUpdateCheck = 1540;
				LastUpgradeCheck = 1540;
				TargetAttributes = {
					AF869C982C3064AA0092E371 = {
						CreatedOnToolsVersion = 15.4;
						LastSwiftMigration = 1540;
					};
					AF869CA82C3064AB0092E371 = {
						CreatedOnToolsVersion = 15.4;
						TestTargetID = AF869C982C3064AA0092E371;
					};
					AF869CB22C3064AB0092E371 = {
						CreatedOnToolsVersion = 15.4;
						TestTargetID = AF869C982C3064AA0092E371;
					};
				};
			};
			buildConfigurationList = AF869C942C3064AA0092E371 /* Build configuration list for PBXProject "RouteBoard" */;
			compatibilityVersion = "Xcode 14.0";
			developmentRegion = en;
			hasScannedForEncodings = 0;
			knownRegions = (
				en,
				Base,
			);
			mainGroup = AF869C902C3064AA0092E371;
			productRefGroup = AF869C9A2C3064AA0092E371 /* Products */;
			projectDirPath = "";
			projectRoot = "";
			targets = (
				AF869C982C3064AA0092E371 /* RouteBoard */,
				AF869CA82C3064AB0092E371 /* RouteBoardTests */,
				AF869CB22C3064AB0092E371 /* RouteBoardUITests */,
			);
		};
/* End PBXProject section */

/* Begin PBXResourcesBuildPhase section */
		AF869C972C3064AA0092E371 /* Resources */ = {
			isa = PBXResourcesBuildPhase;
			buildActionMask = 2147483647;
			files = (
				AF869CA42C3064AB0092E371 /* Preview Assets.xcassets in Resources */,
				AF869CA12C3064AB0092E371 /* Assets.xcassets in Resources */,
			);
			runOnlyForDeploymentPostprocessing = 0;
		};
		AF869CA72C3064AB0092E371 /* Resources */ = {
			isa = PBXResourcesBuildPhase;
			buildActionMask = 2147483647;
			files = (
			);
			runOnlyForDeploymentPostprocessing = 0;
		};
		AF869CB12C3064AB0092E371 /* Resources */ = {
			isa = PBXResourcesBuildPhase;
			buildActionMask = 2147483647;
			files = (
			);
			runOnlyForDeploymentPostprocessing = 0;
		};
/* End PBXResourcesBuildPhase section */

/* Begin PBXShellScriptBuildPhase section */
		A90B54A71FC311A2302DC9B6 /* [CP] Check Pods Manifest.lock */ = {
			isa = PBXShellScriptBuildPhase;
			buildActionMask = 2147483647;
			files = (
			);
			inputFileListPaths = (
			);
			inputPaths = (
				"${PODS_PODFILE_DIR_PATH}/Podfile.lock",
				"${PODS_ROOT}/Manifest.lock",
			);
			name = "[CP] Check Pods Manifest.lock";
			outputFileListPaths = (
			);
			outputPaths = (
				"$(DERIVED_FILE_DIR)/Pods-RouteBoard-checkManifestLockResult.txt",
			);
			runOnlyForDeploymentPostprocessing = 0;
			shellPath = /bin/sh;
			shellScript = "diff \"${PODS_PODFILE_DIR_PATH}/Podfile.lock\" \"${PODS_ROOT}/Manifest.lock\" > /dev/null\nif [ $? != 0 ] ; then\n    # print error to STDERR\n    echo \"error: The sandbox is not in sync with the Podfile.lock. Run 'pod install' or update your CocoaPods installation.\" >&2\n    exit 1\nfi\n# This output is used by Xcode 'outputs' to avoid re-running this script phase.\necho \"SUCCESS\" > \"${SCRIPT_OUTPUT_FILE_0}\"\n";
			showEnvVarsInLog = 0;
		};
		AC3E2F236092C72D7851328D /* [CP] Check Pods Manifest.lock */ = {
			isa = PBXShellScriptBuildPhase;
			buildActionMask = 2147483647;
			files = (
			);
			inputFileListPaths = (
			);
			inputPaths = (
				"${PODS_PODFILE_DIR_PATH}/Podfile.lock",
				"${PODS_ROOT}/Manifest.lock",
			);
			name = "[CP] Check Pods Manifest.lock";
			outputFileListPaths = (
			);
			outputPaths = (
				"$(DERIVED_FILE_DIR)/Pods-RouteBoardTests-checkManifestLockResult.txt",
			);
			runOnlyForDeploymentPostprocessing = 0;
			shellPath = /bin/sh;
			shellScript = "diff \"${PODS_PODFILE_DIR_PATH}/Podfile.lock\" \"${PODS_ROOT}/Manifest.lock\" > /dev/null\nif [ $? != 0 ] ; then\n    # print error to STDERR\n    echo \"error: The sandbox is not in sync with the Podfile.lock. Run 'pod install' or update your CocoaPods installation.\" >&2\n    exit 1\nfi\n# This output is used by Xcode 'outputs' to avoid re-running this script phase.\necho \"SUCCESS\" > \"${SCRIPT_OUTPUT_FILE_0}\"\n";
			showEnvVarsInLog = 0;
		};
		B4D8F7793723FC3366754434 /* [CP] Check Pods Manifest.lock */ = {
			isa = PBXShellScriptBuildPhase;
			buildActionMask = 2147483647;
			files = (
			);
			inputFileListPaths = (
			);
			inputPaths = (
				"${PODS_PODFILE_DIR_PATH}/Podfile.lock",
				"${PODS_ROOT}/Manifest.lock",
			);
			name = "[CP] Check Pods Manifest.lock";
			outputFileListPaths = (
			);
			outputPaths = (
				"$(DERIVED_FILE_DIR)/Pods-RouteBoard-RouteBoardUITests-checkManifestLockResult.txt",
			);
			runOnlyForDeploymentPostprocessing = 0;
			shellPath = /bin/sh;
			shellScript = "diff \"${PODS_PODFILE_DIR_PATH}/Podfile.lock\" \"${PODS_ROOT}/Manifest.lock\" > /dev/null\nif [ $? != 0 ] ; then\n    # print error to STDERR\n    echo \"error: The sandbox is not in sync with the Podfile.lock. Run 'pod install' or update your CocoaPods installation.\" >&2\n    exit 1\nfi\n# This output is used by Xcode 'outputs' to avoid re-running this script phase.\necho \"SUCCESS\" > \"${SCRIPT_OUTPUT_FILE_0}\"\n";
			showEnvVarsInLog = 0;
		};
/* End PBXShellScriptBuildPhase section */

/* Begin PBXSourcesBuildPhase section */
		AF869C952C3064AA0092E371 /* Sources */ = {
			isa = PBXSourcesBuildPhase;
			buildActionMask = 2147483647;
			files = (
				AFD391912C319B82008CF2A7 /* ProcessedSamplesSwift.swift in Sources */,
				AF191C702C34D953000EBB61 /* InformationRectanglesView.swift in Sources */,
				AF9E0C632C3741A900984C58 /* GradesGraphView.swift in Sources */,
				AF869CD22C307D870092E371 /* RouteImageModel.swift in Sources */,
				AF869CD52C30B2E10092E371 /* Camera.swift in Sources */,
				AFD3916F2C30B977008CF2A7 /* OpenCVWrapper.mm in Sources */,
				AF9B62542C34A271003762B0 /* ExtendedDivider.swift in Sources */,
				AF9E0C652C37421900984C58 /* GradesGraphModel.swift in Sources */,
				AF191C6E2C34B8AD000EBB61 /* RouteFinderBottomInfoView.swift in Sources */,
				AF869CD02C307CFA0092E371 /* ViewFinderView.swift in Sources */,
				AF9E0C6C2C3747C500984C58 /* ClimbingGrades.swift in Sources */,
				AF9E0C6F2C3747FD00984C58 /* FrenchClimbingGrades.swift in Sources */,
				AF869CCE2C307CC50092E371 /* RouteFinderView.swift in Sources */,
				AF9B624E2C348E4B003762B0 /* SectorView.swift in Sources */,
				AFD3918F2C3191A8008CF2A7 /* ImportSamplesSwift.swift in Sources */,
				AF9B62512C349484003762B0 /* ImageCarouselView.swift in Sources */,
				AF869C9D2C3064AA0092E371 /* RouteBoardApp.swift in Sources */,
			);
			runOnlyForDeploymentPostprocessing = 0;
		};
		AF869CA52C3064AB0092E371 /* Sources */ = {
			isa = PBXSourcesBuildPhase;
			buildActionMask = 2147483647;
			files = (
				AF869CAE2C3064AB0092E371 /* RouteBoardTests.swift in Sources */,
			);
			runOnlyForDeploymentPostprocessing = 0;
		};
		AF869CAF2C3064AB0092E371 /* Sources */ = {
			isa = PBXSourcesBuildPhase;
			buildActionMask = 2147483647;
			files = (
				AF869CB82C3064AB0092E371 /* RouteBoardUITests.swift in Sources */,
				AF869CBA2C3064AB0092E371 /* RouteBoardUITestsLaunchTests.swift in Sources */,
			);
			runOnlyForDeploymentPostprocessing = 0;
		};
/* End PBXSourcesBuildPhase section */

/* Begin PBXTargetDependency section */
		AF869CAB2C3064AB0092E371 /* PBXTargetDependency */ = {
			isa = PBXTargetDependency;
			target = AF869C982C3064AA0092E371 /* RouteBoard */;
			targetProxy = AF869CAA2C3064AB0092E371 /* PBXContainerItemProxy */;
		};
		AF869CB52C3064AB0092E371 /* PBXTargetDependency */ = {
			isa = PBXTargetDependency;
			target = AF869C982C3064AA0092E371 /* RouteBoard */;
			targetProxy = AF869CB42C3064AB0092E371 /* PBXContainerItemProxy */;
		};
/* End PBXTargetDependency section */

/* Begin XCBuildConfiguration section */
		AF869CBB2C3064AB0092E371 /* Debug */ = {
			isa = XCBuildConfiguration;
			buildSettings = {
				ALWAYS_SEARCH_USER_PATHS = NO;
				ASSETCATALOG_COMPILER_GENERATE_SWIFT_ASSET_SYMBOL_EXTENSIONS = YES;
				CLANG_ANALYZER_NONNULL = YES;
				CLANG_ANALYZER_NUMBER_OBJECT_CONVERSION = YES_AGGRESSIVE;
				CLANG_CXX_LANGUAGE_STANDARD = "gnu++20";
				CLANG_ENABLE_MODULES = YES;
				CLANG_ENABLE_OBJC_ARC = YES;
				CLANG_ENABLE_OBJC_WEAK = YES;
				CLANG_WARN_BLOCK_CAPTURE_AUTORELEASING = YES;
				CLANG_WARN_BOOL_CONVERSION = YES;
				CLANG_WARN_COMMA = YES;
				CLANG_WARN_CONSTANT_CONVERSION = YES;
				CLANG_WARN_DEPRECATED_OBJC_IMPLEMENTATIONS = YES;
				CLANG_WARN_DIRECT_OBJC_ISA_USAGE = YES_ERROR;
				CLANG_WARN_DOCUMENTATION_COMMENTS = YES;
				CLANG_WARN_EMPTY_BODY = YES;
				CLANG_WARN_ENUM_CONVERSION = YES;
				CLANG_WARN_INFINITE_RECURSION = YES;
				CLANG_WARN_INT_CONVERSION = YES;
				CLANG_WARN_NON_LITERAL_NULL_CONVERSION = YES;
				CLANG_WARN_OBJC_IMPLICIT_RETAIN_SELF = YES;
				CLANG_WARN_OBJC_LITERAL_CONVERSION = YES;
				CLANG_WARN_OBJC_ROOT_CLASS = YES_ERROR;
				CLANG_WARN_QUOTED_INCLUDE_IN_FRAMEWORK_HEADER = YES;
				CLANG_WARN_RANGE_LOOP_ANALYSIS = YES;
				CLANG_WARN_STRICT_PROTOTYPES = YES;
				CLANG_WARN_SUSPICIOUS_MOVE = YES;
				CLANG_WARN_UNGUARDED_AVAILABILITY = YES_AGGRESSIVE;
				CLANG_WARN_UNREACHABLE_CODE = YES;
				CLANG_WARN__DUPLICATE_METHOD_MATCH = YES;
				COPY_PHASE_STRIP = NO;
				DEBUG_INFORMATION_FORMAT = dwarf;
				ENABLE_STRICT_OBJC_MSGSEND = YES;
				ENABLE_TESTABILITY = YES;
				ENABLE_USER_SCRIPT_SANDBOXING = YES;
				GCC_C_LANGUAGE_STANDARD = gnu17;
				GCC_DYNAMIC_NO_PIC = NO;
				GCC_NO_COMMON_BLOCKS = YES;
				GCC_OPTIMIZATION_LEVEL = 0;
				GCC_PREPROCESSOR_DEFINITIONS = (
					"DEBUG=1",
					"$(inherited)",
				);
				GCC_WARN_64_TO_32_BIT_CONVERSION = YES;
				GCC_WARN_ABOUT_RETURN_TYPE = YES_ERROR;
				GCC_WARN_UNDECLARED_SELECTOR = YES;
				GCC_WARN_UNINITIALIZED_AUTOS = YES_AGGRESSIVE;
				GCC_WARN_UNUSED_FUNCTION = YES;
				GCC_WARN_UNUSED_VARIABLE = YES;
				IPHONEOS_DEPLOYMENT_TARGET = 17.5;
				LOCALIZATION_PREFERS_STRING_CATALOGS = YES;
				MTL_ENABLE_DEBUG_INFO = INCLUDE_SOURCE;
				MTL_FAST_MATH = YES;
				ONLY_ACTIVE_ARCH = YES;
				SDKROOT = iphoneos;
				SWIFT_ACTIVE_COMPILATION_CONDITIONS = "DEBUG $(inherited)";
				SWIFT_OBJC_BRIDGING_HEADER = "";
				SWIFT_OPTIMIZATION_LEVEL = "-Onone";
			};
			name = Debug;
		};
		AF869CBC2C3064AB0092E371 /* Release */ = {
			isa = XCBuildConfiguration;
			buildSettings = {
				ALWAYS_SEARCH_USER_PATHS = NO;
				ASSETCATALOG_COMPILER_GENERATE_SWIFT_ASSET_SYMBOL_EXTENSIONS = YES;
				CLANG_ANALYZER_NONNULL = YES;
				CLANG_ANALYZER_NUMBER_OBJECT_CONVERSION = YES_AGGRESSIVE;
				CLANG_CXX_LANGUAGE_STANDARD = "gnu++20";
				CLANG_ENABLE_MODULES = YES;
				CLANG_ENABLE_OBJC_ARC = YES;
				CLANG_ENABLE_OBJC_WEAK = YES;
				CLANG_WARN_BLOCK_CAPTURE_AUTORELEASING = YES;
				CLANG_WARN_BOOL_CONVERSION = YES;
				CLANG_WARN_COMMA = YES;
				CLANG_WARN_CONSTANT_CONVERSION = YES;
				CLANG_WARN_DEPRECATED_OBJC_IMPLEMENTATIONS = YES;
				CLANG_WARN_DIRECT_OBJC_ISA_USAGE = YES_ERROR;
				CLANG_WARN_DOCUMENTATION_COMMENTS = YES;
				CLANG_WARN_EMPTY_BODY = YES;
				CLANG_WARN_ENUM_CONVERSION = YES;
				CLANG_WARN_INFINITE_RECURSION = YES;
				CLANG_WARN_INT_CONVERSION = YES;
				CLANG_WARN_NON_LITERAL_NULL_CONVERSION = YES;
				CLANG_WARN_OBJC_IMPLICIT_RETAIN_SELF = YES;
				CLANG_WARN_OBJC_LITERAL_CONVERSION = YES;
				CLANG_WARN_OBJC_ROOT_CLASS = YES_ERROR;
				CLANG_WARN_QUOTED_INCLUDE_IN_FRAMEWORK_HEADER = YES;
				CLANG_WARN_RANGE_LOOP_ANALYSIS = YES;
				CLANG_WARN_STRICT_PROTOTYPES = YES;
				CLANG_WARN_SUSPICIOUS_MOVE = YES;
				CLANG_WARN_UNGUARDED_AVAILABILITY = YES_AGGRESSIVE;
				CLANG_WARN_UNREACHABLE_CODE = YES;
				CLANG_WARN__DUPLICATE_METHOD_MATCH = YES;
				COPY_PHASE_STRIP = NO;
				DEBUG_INFORMATION_FORMAT = "dwarf-with-dsym";
				ENABLE_NS_ASSERTIONS = NO;
				ENABLE_STRICT_OBJC_MSGSEND = YES;
				ENABLE_USER_SCRIPT_SANDBOXING = YES;
				GCC_C_LANGUAGE_STANDARD = gnu17;
				GCC_NO_COMMON_BLOCKS = YES;
				GCC_WARN_64_TO_32_BIT_CONVERSION = YES;
				GCC_WARN_ABOUT_RETURN_TYPE = YES_ERROR;
				GCC_WARN_UNDECLARED_SELECTOR = YES;
				GCC_WARN_UNINITIALIZED_AUTOS = YES_AGGRESSIVE;
				GCC_WARN_UNUSED_FUNCTION = YES;
				GCC_WARN_UNUSED_VARIABLE = YES;
				IPHONEOS_DEPLOYMENT_TARGET = 17.5;
				LOCALIZATION_PREFERS_STRING_CATALOGS = YES;
				MTL_ENABLE_DEBUG_INFO = NO;
				MTL_FAST_MATH = YES;
				SDKROOT = iphoneos;
				SWIFT_COMPILATION_MODE = wholemodule;
				SWIFT_OBJC_BRIDGING_HEADER = "";
				VALIDATE_PRODUCT = YES;
			};
			name = Release;
		};
		AF869CBE2C3064AB0092E371 /* Debug */ = {
			isa = XCBuildConfiguration;
			baseConfigurationReference = 7632F973FF52A1460205F349 /* Pods-RouteBoard.debug.xcconfig */;
			buildSettings = {
				ASSETCATALOG_COMPILER_APPICON_NAME = AppIcon;
				ASSETCATALOG_COMPILER_GLOBAL_ACCENT_COLOR_NAME = AccentColor;
				CLANG_ENABLE_MODULES = YES;
				CODE_SIGN_STYLE = Automatic;
				CURRENT_PROJECT_VERSION = 1;
				DEVELOPMENT_ASSET_PATHS = "\"RouteBoard/Preview Content\"";
				DEVELOPMENT_TEAM = XR4F5YJM8R;
				ENABLE_PREVIEWS = YES;
				GENERATE_INFOPLIST_FILE = YES;
				INFOPLIST_KEY_NSCameraUsageDescription = "Camera is used to detect outside rock climbing routes";
				INFOPLIST_KEY_UIApplicationSceneManifest_Generation = YES;
				INFOPLIST_KEY_UIApplicationSupportsIndirectInputEvents = YES;
				INFOPLIST_KEY_UILaunchScreen_Generation = YES;
				INFOPLIST_KEY_UISupportedInterfaceOrientations_iPad = "UIInterfaceOrientationPortrait UIInterfaceOrientationPortraitUpsideDown UIInterfaceOrientationLandscapeLeft UIInterfaceOrientationLandscapeRight";
				INFOPLIST_KEY_UISupportedInterfaceOrientations_iPhone = "UIInterfaceOrientationPortrait UIInterfaceOrientationLandscapeLeft UIInterfaceOrientationLandscapeRight";
				LD_RUNPATH_SEARCH_PATHS = (
					"$(inherited)",
					"@executable_path/Frameworks",
				);
				MARKETING_VERSION = 1.0;
				MODULE_VERIFIER_SUPPORTED_LANGUAGES = "objective-c";
				PRODUCT_BUNDLE_IDENTIFIER = acvijanovic.RouteBoard;
				PRODUCT_NAME = "$(TARGET_NAME)";
				SWIFT_EMIT_LOC_STRINGS = YES;
				SWIFT_OBJC_BRIDGING_HEADER = "RouteBoard/RouteBoard-Bridging-Header.h";
				SWIFT_OBJC_INTEROP_MODE = objc;
				SWIFT_OPTIMIZATION_LEVEL = "-Onone";
				SWIFT_VERSION = 5.0;
				TARGETED_DEVICE_FAMILY = "1,2";
			};
			name = Debug;
		};
		AF869CBF2C3064AB0092E371 /* Release */ = {
			isa = XCBuildConfiguration;
			baseConfigurationReference = 9985AD715A892F4707551BEE /* Pods-RouteBoard.release.xcconfig */;
			buildSettings = {
				ASSETCATALOG_COMPILER_APPICON_NAME = AppIcon;
				ASSETCATALOG_COMPILER_GLOBAL_ACCENT_COLOR_NAME = AccentColor;
				CLANG_ENABLE_MODULES = YES;
				CODE_SIGN_STYLE = Automatic;
				CURRENT_PROJECT_VERSION = 1;
				DEVELOPMENT_ASSET_PATHS = "\"RouteBoard/Preview Content\"";
				DEVELOPMENT_TEAM = XR4F5YJM8R;
				ENABLE_PREVIEWS = YES;
				GENERATE_INFOPLIST_FILE = YES;
				INFOPLIST_KEY_NSCameraUsageDescription = "Camera is used to detect outside rock climbing routes";
				INFOPLIST_KEY_UIApplicationSceneManifest_Generation = YES;
				INFOPLIST_KEY_UIApplicationSupportsIndirectInputEvents = YES;
				INFOPLIST_KEY_UILaunchScreen_Generation = YES;
				INFOPLIST_KEY_UISupportedInterfaceOrientations_iPad = "UIInterfaceOrientationPortrait UIInterfaceOrientationPortraitUpsideDown UIInterfaceOrientationLandscapeLeft UIInterfaceOrientationLandscapeRight";
				INFOPLIST_KEY_UISupportedInterfaceOrientations_iPhone = "UIInterfaceOrientationPortrait UIInterfaceOrientationLandscapeLeft UIInterfaceOrientationLandscapeRight";
				LD_RUNPATH_SEARCH_PATHS = (
					"$(inherited)",
					"@executable_path/Frameworks",
				);
				MARKETING_VERSION = 1.0;
				MODULE_VERIFIER_SUPPORTED_LANGUAGES = "objective-c";
				PRODUCT_BUNDLE_IDENTIFIER = acvijanovic.RouteBoard;
				PRODUCT_NAME = "$(TARGET_NAME)";
				SWIFT_EMIT_LOC_STRINGS = YES;
				SWIFT_OBJC_BRIDGING_HEADER = "RouteBoard/RouteBoard-Bridging-Header.h";
				SWIFT_OBJC_INTEROP_MODE = objc;
				SWIFT_VERSION = 5.0;
				TARGETED_DEVICE_FAMILY = "1,2";
			};
			name = Release;
		};
		AF869CC12C3064AB0092E371 /* Debug */ = {
			isa = XCBuildConfiguration;
			baseConfigurationReference = FEB597834523DE58EF396342 /* Pods-RouteBoardTests.debug.xcconfig */;
			buildSettings = {
				ALWAYS_EMBED_SWIFT_STANDARD_LIBRARIES = YES;
				BUNDLE_LOADER = "$(TEST_HOST)";
				CODE_SIGN_STYLE = Automatic;
				CURRENT_PROJECT_VERSION = 1;
				DEVELOPMENT_TEAM = XR4F5YJM8R;
				GENERATE_INFOPLIST_FILE = YES;
				IPHONEOS_DEPLOYMENT_TARGET = 17.5;
				MARKETING_VERSION = 1.0;
				PRODUCT_BUNDLE_IDENTIFIER = acvijanovic.RouteBoardTests;
				PRODUCT_NAME = "$(TARGET_NAME)";
				SWIFT_EMIT_LOC_STRINGS = NO;
				SWIFT_VERSION = 5.0;
				TARGETED_DEVICE_FAMILY = "1,2";
				TEST_HOST = "$(BUILT_PRODUCTS_DIR)/RouteBoard.app/$(BUNDLE_EXECUTABLE_FOLDER_PATH)/RouteBoard";
			};
			name = Debug;
		};
		AF869CC22C3064AB0092E371 /* Release */ = {
			isa = XCBuildConfiguration;
			baseConfigurationReference = 0158C26B32B4CCEE15AC957F /* Pods-RouteBoardTests.release.xcconfig */;
			buildSettings = {
				ALWAYS_EMBED_SWIFT_STANDARD_LIBRARIES = YES;
				BUNDLE_LOADER = "$(TEST_HOST)";
				CODE_SIGN_STYLE = Automatic;
				CURRENT_PROJECT_VERSION = 1;
				DEVELOPMENT_TEAM = XR4F5YJM8R;
				GENERATE_INFOPLIST_FILE = YES;
				IPHONEOS_DEPLOYMENT_TARGET = 17.5;
				MARKETING_VERSION = 1.0;
				PRODUCT_BUNDLE_IDENTIFIER = acvijanovic.RouteBoardTests;
				PRODUCT_NAME = "$(TARGET_NAME)";
				SWIFT_EMIT_LOC_STRINGS = NO;
				SWIFT_VERSION = 5.0;
				TARGETED_DEVICE_FAMILY = "1,2";
				TEST_HOST = "$(BUILT_PRODUCTS_DIR)/RouteBoard.app/$(BUNDLE_EXECUTABLE_FOLDER_PATH)/RouteBoard";
			};
			name = Release;
		};
		AF869CC42C3064AB0092E371 /* Debug */ = {
			isa = XCBuildConfiguration;
			baseConfigurationReference = A117A1C788E41228F3CF85DD /* Pods-RouteBoard-RouteBoardUITests.debug.xcconfig */;
			buildSettings = {
				ALWAYS_EMBED_SWIFT_STANDARD_LIBRARIES = YES;
				CODE_SIGN_STYLE = Automatic;
				CURRENT_PROJECT_VERSION = 1;
				DEVELOPMENT_TEAM = XR4F5YJM8R;
				GENERATE_INFOPLIST_FILE = YES;
				MARKETING_VERSION = 1.0;
				PRODUCT_BUNDLE_IDENTIFIER = acvijanovic.RouteBoardUITests;
				PRODUCT_NAME = "$(TARGET_NAME)";
				SWIFT_EMIT_LOC_STRINGS = NO;
				SWIFT_VERSION = 5.0;
				TARGETED_DEVICE_FAMILY = "1,2";
				TEST_TARGET_NAME = RouteBoard;
			};
			name = Debug;
		};
		AF869CC52C3064AB0092E371 /* Release */ = {
			isa = XCBuildConfiguration;
			baseConfigurationReference = 79E6BEA7F981DB1A256063BF /* Pods-RouteBoard-RouteBoardUITests.release.xcconfig */;
			buildSettings = {
				ALWAYS_EMBED_SWIFT_STANDARD_LIBRARIES = YES;
				CODE_SIGN_STYLE = Automatic;
				CURRENT_PROJECT_VERSION = 1;
				DEVELOPMENT_TEAM = XR4F5YJM8R;
				GENERATE_INFOPLIST_FILE = YES;
				MARKETING_VERSION = 1.0;
				PRODUCT_BUNDLE_IDENTIFIER = acvijanovic.RouteBoardUITests;
				PRODUCT_NAME = "$(TARGET_NAME)";
				SWIFT_EMIT_LOC_STRINGS = NO;
				SWIFT_VERSION = 5.0;
				TARGETED_DEVICE_FAMILY = "1,2";
				TEST_TARGET_NAME = RouteBoard;
			};
			name = Release;
		};
/* End XCBuildConfiguration section */

/* Begin XCConfigurationList section */
		AF869C942C3064AA0092E371 /* Build configuration list for PBXProject "RouteBoard" */ = {
			isa = XCConfigurationList;
			buildConfigurations = (
				AF869CBB2C3064AB0092E371 /* Debug */,
				AF869CBC2C3064AB0092E371 /* Release */,
			);
			defaultConfigurationIsVisible = 0;
			defaultConfigurationName = Release;
		};
		AF869CBD2C3064AB0092E371 /* Build configuration list for PBXNativeTarget "RouteBoard" */ = {
			isa = XCConfigurationList;
			buildConfigurations = (
				AF869CBE2C3064AB0092E371 /* Debug */,
				AF869CBF2C3064AB0092E371 /* Release */,
			);
			defaultConfigurationIsVisible = 0;
			defaultConfigurationName = Release;
		};
		AF869CC02C3064AB0092E371 /* Build configuration list for PBXNativeTarget "RouteBoardTests" */ = {
			isa = XCConfigurationList;
			buildConfigurations = (
				AF869CC12C3064AB0092E371 /* Debug */,
				AF869CC22C3064AB0092E371 /* Release */,
			);
			defaultConfigurationIsVisible = 0;
			defaultConfigurationName = Release;
		};
		AF869CC32C3064AB0092E371 /* Build configuration list for PBXNativeTarget "RouteBoardUITests" */ = {
			isa = XCConfigurationList;
			buildConfigurations = (
				AF869CC42C3064AB0092E371 /* Debug */,
				AF869CC52C3064AB0092E371 /* Release */,
			);
			defaultConfigurationIsVisible = 0;
			defaultConfigurationName = Release;
		};
/* End XCConfigurationList section */
	};
	rootObject = AF869C912C3064AA0092E371 /* Project object */;
}
