// !$*UTF8*$!
{
	archiveVersion = 1;
	classes = {
	};
	objectVersion = 70;
	objects = {

/* Begin PBXBuildFile section */
		6911F3A7BA91E08FC4899967 /* NoSearchResults.swift in Sources */ = {isa = PBXBuildFile; fileRef = 6911F0D871407834575781BE /* NoSearchResults.swift */; };
		6911F6F222906945D23F3284 /* LoadingSearchResults.swift in Sources */ = {isa = PBXBuildFile; fileRef = 6911FB5412234CF26B197F5A /* LoadingSearchResults.swift */; };
		6911F75652EFE19E90503597 /* SingleResultView.swift in Sources */ = {isa = PBXBuildFile; fileRef = 6911F51F855391514852E6F0 /* SingleResultView.swift */; };
		AF0243342D163FC70007748D /* ConfirmPhotoOverlayView.swift in Sources */ = {isa = PBXBuildFile; fileRef = AF0243332D163FB70007748D /* ConfirmPhotoOverlayView.swift */; };
		AF0243382D1640250007748D /* PhotoDrawingCanvas.swift in Sources */ = {isa = PBXBuildFile; fileRef = AF0243372D16401E0007748D /* PhotoDrawingCanvas.swift */; };
		AF0243702D1C7CDF0007748D /* GeneratedClient.framework in Frameworks */ = {isa = PBXBuildFile; fileRef = AF0243682D1C7CDF0007748D /* GeneratedClient.framework */; };
		AF0243712D1C7CDF0007748D /* GeneratedClient.framework in Embed Frameworks */ = {isa = PBXBuildFile; fileRef = AF0243682D1C7CDF0007748D /* GeneratedClient.framework */; settings = {ATTRIBUTES = (CodeSignOnCopy, RemoveHeadersOnCopy, ); }; };
		AF0A110B2C3C86D000BFAEAC /* RoutesListView.swift in Sources */ = {isa = PBXBuildFile; fileRef = AF0A110A2C3C86D000BFAEAC /* RoutesListView.swift */; };
		AF0A110F2C3C8EEB00BFAEAC /* SimpleRoute.swift in Sources */ = {isa = PBXBuildFile; fileRef = AF0A110E2C3C8EEB00BFAEAC /* SimpleRoute.swift */; };
		AF191C6E2C34B8AD000EBB61 /* RouteFinderBottomInfoView.swift in Sources */ = {isa = PBXBuildFile; fileRef = AF191C6D2C34B8AD000EBB61 /* RouteFinderBottomInfoView.swift */; };
		AF191C702C34D953000EBB61 /* InformationRectanglesView.swift in Sources */ = {isa = PBXBuildFile; fileRef = AF191C6F2C34D953000EBB61 /* InformationRectanglesView.swift */; };
		AF2991DE2D078CEE00BB7907 /* MediaLibrary.swift in Sources */ = {isa = PBXBuildFile; fileRef = AF2991D92D078CEE00BB7907 /* MediaLibrary.swift */; };
		AF2991E12D078CEE00BB7907 /* DataTypes.swift in Sources */ = {isa = PBXBuildFile; fileRef = AF2991D82D078CEE00BB7907 /* DataTypes.swift */; };
		AF2991EA2D078CF200BB7907 /* PhotoCapture.swift in Sources */ = {isa = PBXBuildFile; fileRef = AF2991E32D078CF200BB7907 /* PhotoCapture.swift */; };
		AF2991F62D078D3400BB7907 /* CameraModel.swift in Sources */ = {isa = PBXBuildFile; fileRef = AF2991F32D078D3400BB7907 /* CameraModel.swift */; };
		AF29920B2D07BEB300BB7907 /* CameraPreview.swift in Sources */ = {isa = PBXBuildFile; fileRef = AF29920A2D07BEB300BB7907 /* CameraPreview.swift */; };
		AF35C65C2CD7E2A400FEBC40 /* OpenAPIRuntime in Frameworks */ = {isa = PBXBuildFile; productRef = AF35C65B2CD7E2A400FEBC40 /* OpenAPIRuntime */; };
		AF35C65E2CD7E2A700FEBC40 /* OpenAPIURLSession in Frameworks */ = {isa = PBXBuildFile; productRef = AF35C65D2CD7E2A700FEBC40 /* OpenAPIURLSession */; };
		AF773D6C2C3DFBED00886C00 /* OverlayAndRouteId.swift in Sources */ = {isa = PBXBuildFile; fileRef = AF773D6B2C3DFBED00886C00 /* OverlayAndRouteId.swift */; };
		AF78ECAA2D1C8019009F3B79 /* OpenAPIRuntime in Frameworks */ = {isa = PBXBuildFile; productRef = AF78ECA92D1C8019009F3B79 /* OpenAPIRuntime */; };
		AF869C9D2C3064AA0092E371 /* RouteBoardApp.swift in Sources */ = {isa = PBXBuildFile; fileRef = AF869C9C2C3064AA0092E371 /* RouteBoardApp.swift */; };
		AF869CA12C3064AB0092E371 /* Assets.xcassets in Resources */ = {isa = PBXBuildFile; fileRef = AF869CA02C3064AB0092E371 /* Assets.xcassets */; };
		AF869CA42C3064AB0092E371 /* Preview Assets.xcassets in Resources */ = {isa = PBXBuildFile; fileRef = AF869CA32C3064AB0092E371 /* Preview Assets.xcassets */; };
		AF869CAE2C3064AB0092E371 /* RouteBoardTests.swift in Sources */ = {isa = PBXBuildFile; fileRef = AF869CAD2C3064AB0092E371 /* RouteBoardTests.swift */; };
		AF869CB82C3064AB0092E371 /* RouteBoardUITests.swift in Sources */ = {isa = PBXBuildFile; fileRef = AF869CB72C3064AB0092E371 /* RouteBoardUITests.swift */; };
		AF869CBA2C3064AB0092E371 /* RouteBoardUITestsLaunchTests.swift in Sources */ = {isa = PBXBuildFile; fileRef = AF869CB92C3064AB0092E371 /* RouteBoardUITestsLaunchTests.swift */; };
		AF869CCE2C307CC50092E371 /* RouteFinderView.swift in Sources */ = {isa = PBXBuildFile; fileRef = AF869CCD2C307CC50092E371 /* RouteFinderView.swift */; };
		AF869CD02C307CFA0092E371 /* ViewFinderView.swift in Sources */ = {isa = PBXBuildFile; fileRef = AF869CCF2C307CFA0092E371 /* ViewFinderView.swift */; };
		AF869CD22C307D870092E371 /* RouteImageModel.swift in Sources */ = {isa = PBXBuildFile; fileRef = AF869CD12C307D870092E371 /* RouteImageModel.swift */; };
		AF8DA6372CD4465500751865 /* IndexView.swift in Sources */ = {isa = PBXBuildFile; fileRef = AF8DA6362CD4465200751865 /* IndexView.swift */; };
		AF8DA63A2CD44C7E00751865 /* WelcomeTextView.swift in Sources */ = {isa = PBXBuildFile; fileRef = AF8DA6392CD44C7B00751865 /* WelcomeTextView.swift */; };
		AF8DA63C2CD450CC00751865 /* RecentAscentsView.swift in Sources */ = {isa = PBXBuildFile; fileRef = AF8DA63B2CD450C400751865 /* RecentAscentsView.swift */; };
		AF8DA6402CD45DD400751865 /* RouteAscentView.swift in Sources */ = {isa = PBXBuildFile; fileRef = AF8DA63F2CD45DD000751865 /* RouteAscentView.swift */; };
		AF8DA6442CD54A4E00751865 /* MainNavigationView.swift in Sources */ = {isa = PBXBuildFile; fileRef = AF8DA6432CD54A4B00751865 /* MainNavigationView.swift */; };
		AF8DA6462CD563DC00751865 /* ColorTheme.swift in Sources */ = {isa = PBXBuildFile; fileRef = AF8DA6452CD563D400751865 /* ColorTheme.swift */; };
		AF8DA6482CD5671E00751865 /* ApplyBackgroundColor.swift in Sources */ = {isa = PBXBuildFile; fileRef = AF8DA6472CD5671A00751865 /* ApplyBackgroundColor.swift */; };
		AF8DA64B2CD56C1300751865 /* GeneralSearchView.swift in Sources */ = {isa = PBXBuildFile; fileRef = AF8DA64A2CD56C0F00751865 /* GeneralSearchView.swift */; };
		AF8DA64E2CD56D8000751865 /* SearchResultView.swift in Sources */ = {isa = PBXBuildFile; fileRef = AF8DA64D2CD56D7C00751865 /* SearchResultView.swift */; };
		AF9B624E2C348E4B003762B0 /* SectorView.swift in Sources */ = {isa = PBXBuildFile; fileRef = AF9B624D2C348E4B003762B0 /* SectorView.swift */; };
		AF9B62512C349484003762B0 /* ImageCarouselView.swift in Sources */ = {isa = PBXBuildFile; fileRef = AF9B62502C349484003762B0 /* ImageCarouselView.swift */; };
		AF9B62542C34A271003762B0 /* ExtendedDivider.swift in Sources */ = {isa = PBXBuildFile; fileRef = AF9B62532C34A271003762B0 /* ExtendedDivider.swift */; };
		AF9E0C632C3741A900984C58 /* GradesGraphView.swift in Sources */ = {isa = PBXBuildFile; fileRef = AF9E0C622C3741A900984C58 /* GradesGraphView.swift */; };
		AF9E0C652C37421900984C58 /* GradesGraphModel.swift in Sources */ = {isa = PBXBuildFile; fileRef = AF9E0C642C37421900984C58 /* GradesGraphModel.swift */; };
		AF9E0C6C2C3747C500984C58 /* ClimbingGrades.swift in Sources */ = {isa = PBXBuildFile; fileRef = AF9E0C6B2C3747C500984C58 /* ClimbingGrades.swift */; };
		AF9E0C6F2C3747FD00984C58 /* FrenchClimbingGrades.swift in Sources */ = {isa = PBXBuildFile; fileRef = AF9E0C6E2C3747FD00984C58 /* FrenchClimbingGrades.swift */; };
		AF9E0C722C38AC0B00984C58 /* CreateRouteImageView.swift in Sources */ = {isa = PBXBuildFile; fileRef = AF9E0C712C38AC0B00984C58 /* CreateRouteImageView.swift */; };
		AF9E0C752C38ACC400984C58 /* CreateRouteImageModel.swift in Sources */ = {isa = PBXBuildFile; fileRef = AF9E0C742C38ACC400984C58 /* CreateRouteImageModel.swift */; };
		AF9E0C782C38BE1800984C58 /* CreateRouteOverlayView.swift in Sources */ = {isa = PBXBuildFile; fileRef = AF9E0C772C38BE1800984C58 /* CreateRouteOverlayView.swift */; };
		AF9E0C7B2C39887F00984C58 /* RoutePoints.swift in Sources */ = {isa = PBXBuildFile; fileRef = AF9E0C7A2C39887F00984C58 /* RoutePoints.swift */; };
		AFBE85902D1229F70029217C /* PhotoCaptureButton.swift in Sources */ = {isa = PBXBuildFile; fileRef = AFBE858F2D1229F20029217C /* PhotoCaptureButton.swift */; };
		AFBED2872D123FA0002CA393 /* OpenCV in Frameworks */ = {isa = PBXBuildFile; productRef = AFBED2862D123FA0002CA393 /* OpenCV */; };
		AFBED28A2D124079002CA393 /* ProcessInputSamples.swift in Sources */ = {isa = PBXBuildFile; fileRef = AFBED2892D12406F002CA393 /* ProcessInputSamples.swift */; };
		AFBED2902D136D5B002CA393 /* CreateRouteImage.swift in Sources */ = {isa = PBXBuildFile; fileRef = AFBED28F2D136D4F002CA393 /* CreateRouteImage.swift */; };
		AFBED2922D1370DC002CA393 /* ImageUtils.swift in Sources */ = {isa = PBXBuildFile; fileRef = AFBED2912D1370BD002CA393 /* ImageUtils.swift */; };
		AFBED2942D162231002CA393 /* PhotoTakingOverlayView.swift in Sources */ = {isa = PBXBuildFile; fileRef = AFBED2932D16221D002CA393 /* PhotoTakingOverlayView.swift */; };
		AFBED2962D16239B002CA393 /* PhotoEditingOverlayView.swift in Sources */ = {isa = PBXBuildFile; fileRef = AFBED2952D16237C002CA393 /* PhotoEditingOverlayView.swift */; };
		AFD3916F2C30B977008CF2A7 /* OpenCVWrapper.mm in Sources */ = {isa = PBXBuildFile; fileRef = AFD3916E2C30B977008CF2A7 /* OpenCVWrapper.mm */; };
		AFD3918F2C3191A8008CF2A7 /* ImportSamplesSwift.swift in Sources */ = {isa = PBXBuildFile; fileRef = AFD3918E2C3191A8008CF2A7 /* ImportSamplesSwift.swift */; };
		AFD391912C319B82008CF2A7 /* ProcessedSamplesSwift.swift in Sources */ = {isa = PBXBuildFile; fileRef = AFD391902C319B82008CF2A7 /* ProcessedSamplesSwift.swift */; };
		AFD92D8A2D1CCB1600B68D92 /* OpenAPIURLSession in Frameworks */ = {isa = PBXBuildFile; productRef = AFD92D892D1CCB1600B68D92 /* OpenAPIURLSession */; };
		AFD92D9B2D1CCDEE00B68D92 /* HTTPTypes in Frameworks */ = {isa = PBXBuildFile; productRef = AFD92D9A2D1CCDEE00B68D92 /* HTTPTypes */; };
		AFD92D9D2D1CCDEE00B68D92 /* HTTPTypesFoundation in Frameworks */ = {isa = PBXBuildFile; productRef = AFD92D9C2D1CCDEE00B68D92 /* HTTPTypesFoundation */; };
/* End PBXBuildFile section */

/* Begin PBXContainerItemProxy section */
		AF02436E2D1C7CDF0007748D /* PBXContainerItemProxy */ = {
			isa = PBXContainerItemProxy;
			containerPortal = AF869C912C3064AA0092E371 /* Project object */;
			proxyType = 1;
			remoteGlobalIDString = AF0243672D1C7CDF0007748D;
			remoteInfo = GeneratedClient;
		};
		AF869CAA2C3064AB0092E371 /* PBXContainerItemProxy */ = {
			isa = PBXContainerItemProxy;
			containerPortal = AF869C912C3064AA0092E371 /* Project object */;
			proxyType = 1;
			remoteGlobalIDString = AF869C982C3064AA0092E371;
			remoteInfo = RouteBoard;
		};
		AF869CB42C3064AB0092E371 /* PBXContainerItemProxy */ = {
			isa = PBXContainerItemProxy;
			containerPortal = AF869C912C3064AA0092E371 /* Project object */;
			proxyType = 1;
			remoteGlobalIDString = AF869C982C3064AA0092E371;
			remoteInfo = RouteBoard;
		};
/* End PBXContainerItemProxy section */

/* Begin PBXCopyFilesBuildPhase section */
		AF0243762D1C7CDF0007748D /* Embed Frameworks */ = {
			isa = PBXCopyFilesBuildPhase;
			buildActionMask = 2147483647;
			dstPath = "";
			dstSubfolderSpec = 10;
			files = (
				AF0243712D1C7CDF0007748D /* GeneratedClient.framework in Embed Frameworks */,
			);
			name = "Embed Frameworks";
			runOnlyForDeploymentPostprocessing = 0;
		};
/* End PBXCopyFilesBuildPhase section */

/* Begin PBXFileReference section */
		6911F0D871407834575781BE /* NoSearchResults.swift */ = {isa = PBXFileReference; fileEncoding = 4; lastKnownFileType = sourcecode.swift; path = NoSearchResults.swift; sourceTree = "<group>"; };
		6911F51F855391514852E6F0 /* SingleResultView.swift */ = {isa = PBXFileReference; fileEncoding = 4; lastKnownFileType = sourcecode.swift; path = SingleResultView.swift; sourceTree = "<group>"; };
		6911FB5412234CF26B197F5A /* LoadingSearchResults.swift */ = {isa = PBXFileReference; fileEncoding = 4; lastKnownFileType = sourcecode.swift; path = LoadingSearchResults.swift; sourceTree = "<group>"; };
		AF0243332D163FB70007748D /* ConfirmPhotoOverlayView.swift */ = {isa = PBXFileReference; lastKnownFileType = sourcecode.swift; path = ConfirmPhotoOverlayView.swift; sourceTree = "<group>"; };
		AF0243372D16401E0007748D /* PhotoDrawingCanvas.swift */ = {isa = PBXFileReference; lastKnownFileType = sourcecode.swift; path = PhotoDrawingCanvas.swift; sourceTree = "<group>"; };
		AF0243682D1C7CDF0007748D /* GeneratedClient.framework */ = {isa = PBXFileReference; explicitFileType = wrapper.framework; includeInIndex = 0; path = GeneratedClient.framework; sourceTree = BUILT_PRODUCTS_DIR; };
		AF0A110A2C3C86D000BFAEAC /* RoutesListView.swift */ = {isa = PBXFileReference; lastKnownFileType = sourcecode.swift; path = RoutesListView.swift; sourceTree = "<group>"; };
		AF0A110E2C3C8EEB00BFAEAC /* SimpleRoute.swift */ = {isa = PBXFileReference; lastKnownFileType = sourcecode.swift; path = SimpleRoute.swift; sourceTree = "<group>"; };
		AF191C6D2C34B8AD000EBB61 /* RouteFinderBottomInfoView.swift */ = {isa = PBXFileReference; lastKnownFileType = sourcecode.swift; path = RouteFinderBottomInfoView.swift; sourceTree = "<group>"; };
		AF191C6F2C34D953000EBB61 /* InformationRectanglesView.swift */ = {isa = PBXFileReference; lastKnownFileType = sourcecode.swift; path = InformationRectanglesView.swift; sourceTree = "<group>"; };
		AF2991D82D078CEE00BB7907 /* DataTypes.swift */ = {isa = PBXFileReference; lastKnownFileType = sourcecode.swift; path = DataTypes.swift; sourceTree = "<group>"; };
		AF2991D92D078CEE00BB7907 /* MediaLibrary.swift */ = {isa = PBXFileReference; lastKnownFileType = sourcecode.swift; path = MediaLibrary.swift; sourceTree = "<group>"; };
		AF2991E32D078CF200BB7907 /* PhotoCapture.swift */ = {isa = PBXFileReference; lastKnownFileType = sourcecode.swift; path = PhotoCapture.swift; sourceTree = "<group>"; };
		AF2991F32D078D3400BB7907 /* CameraModel.swift */ = {isa = PBXFileReference; lastKnownFileType = sourcecode.swift; path = CameraModel.swift; sourceTree = "<group>"; };
		AF29920A2D07BEB300BB7907 /* CameraPreview.swift */ = {isa = PBXFileReference; lastKnownFileType = sourcecode.swift; path = CameraPreview.swift; sourceTree = "<group>"; };
		AF35C6AD2CD80B5000FEBC40 /* Info.plist */ = {isa = PBXFileReference; lastKnownFileType = text.plist; path = Info.plist; sourceTree = "<group>"; };
		AF773D6B2C3DFBED00886C00 /* OverlayAndRouteId.swift */ = {isa = PBXFileReference; lastKnownFileType = sourcecode.swift; path = OverlayAndRouteId.swift; sourceTree = "<group>"; };
		AF869C992C3064AA0092E371 /* RouteBoard.app */ = {isa = PBXFileReference; explicitFileType = wrapper.application; includeInIndex = 0; path = RouteBoard.app; sourceTree = BUILT_PRODUCTS_DIR; };
		AF869C9C2C3064AA0092E371 /* RouteBoardApp.swift */ = {isa = PBXFileReference; lastKnownFileType = sourcecode.swift; path = RouteBoardApp.swift; sourceTree = "<group>"; };
		AF869CA02C3064AB0092E371 /* Assets.xcassets */ = {isa = PBXFileReference; lastKnownFileType = folder.assetcatalog; path = Assets.xcassets; sourceTree = "<group>"; };
		AF869CA32C3064AB0092E371 /* Preview Assets.xcassets */ = {isa = PBXFileReference; lastKnownFileType = folder.assetcatalog; path = "Preview Assets.xcassets"; sourceTree = "<group>"; };
		AF869CA92C3064AB0092E371 /* RouteBoardTests.xctest */ = {isa = PBXFileReference; explicitFileType = wrapper.cfbundle; includeInIndex = 0; path = RouteBoardTests.xctest; sourceTree = BUILT_PRODUCTS_DIR; };
		AF869CAD2C3064AB0092E371 /* RouteBoardTests.swift */ = {isa = PBXFileReference; lastKnownFileType = sourcecode.swift; path = RouteBoardTests.swift; sourceTree = "<group>"; };
		AF869CB32C3064AB0092E371 /* RouteBoardUITests.xctest */ = {isa = PBXFileReference; explicitFileType = wrapper.cfbundle; includeInIndex = 0; path = RouteBoardUITests.xctest; sourceTree = BUILT_PRODUCTS_DIR; };
		AF869CB72C3064AB0092E371 /* RouteBoardUITests.swift */ = {isa = PBXFileReference; lastKnownFileType = sourcecode.swift; path = RouteBoardUITests.swift; sourceTree = "<group>"; };
		AF869CB92C3064AB0092E371 /* RouteBoardUITestsLaunchTests.swift */ = {isa = PBXFileReference; lastKnownFileType = sourcecode.swift; path = RouteBoardUITestsLaunchTests.swift; sourceTree = "<group>"; };
		AF869CCD2C307CC50092E371 /* RouteFinderView.swift */ = {isa = PBXFileReference; lastKnownFileType = sourcecode.swift; path = RouteFinderView.swift; sourceTree = "<group>"; };
		AF869CCF2C307CFA0092E371 /* ViewFinderView.swift */ = {isa = PBXFileReference; lastKnownFileType = sourcecode.swift; path = ViewFinderView.swift; sourceTree = "<group>"; };
		AF869CD12C307D870092E371 /* RouteImageModel.swift */ = {isa = PBXFileReference; lastKnownFileType = sourcecode.swift; path = RouteImageModel.swift; sourceTree = "<group>"; };
		AF8DA6362CD4465200751865 /* IndexView.swift */ = {isa = PBXFileReference; lastKnownFileType = sourcecode.swift; path = IndexView.swift; sourceTree = "<group>"; };
		AF8DA6392CD44C7B00751865 /* WelcomeTextView.swift */ = {isa = PBXFileReference; lastKnownFileType = sourcecode.swift; path = WelcomeTextView.swift; sourceTree = "<group>"; };
		AF8DA63B2CD450C400751865 /* RecentAscentsView.swift */ = {isa = PBXFileReference; lastKnownFileType = sourcecode.swift; path = RecentAscentsView.swift; sourceTree = "<group>"; };
		AF8DA63F2CD45DD000751865 /* RouteAscentView.swift */ = {isa = PBXFileReference; lastKnownFileType = sourcecode.swift; path = RouteAscentView.swift; sourceTree = "<group>"; };
		AF8DA6432CD54A4B00751865 /* MainNavigationView.swift */ = {isa = PBXFileReference; lastKnownFileType = sourcecode.swift; path = MainNavigationView.swift; sourceTree = "<group>"; };
		AF8DA6452CD563D400751865 /* ColorTheme.swift */ = {isa = PBXFileReference; lastKnownFileType = sourcecode.swift; path = ColorTheme.swift; sourceTree = "<group>"; };
		AF8DA6472CD5671A00751865 /* ApplyBackgroundColor.swift */ = {isa = PBXFileReference; lastKnownFileType = sourcecode.swift; path = ApplyBackgroundColor.swift; sourceTree = "<group>"; };
		AF8DA64A2CD56C0F00751865 /* GeneralSearchView.swift */ = {isa = PBXFileReference; lastKnownFileType = sourcecode.swift; path = GeneralSearchView.swift; sourceTree = "<group>"; };
		AF8DA64D2CD56D7C00751865 /* SearchResultView.swift */ = {isa = PBXFileReference; lastKnownFileType = sourcecode.swift; path = SearchResultView.swift; sourceTree = "<group>"; };
		AF9B624D2C348E4B003762B0 /* SectorView.swift */ = {isa = PBXFileReference; lastKnownFileType = sourcecode.swift; path = SectorView.swift; sourceTree = "<group>"; };
		AF9B62502C349484003762B0 /* ImageCarouselView.swift */ = {isa = PBXFileReference; lastKnownFileType = sourcecode.swift; path = ImageCarouselView.swift; sourceTree = "<group>"; };
		AF9B62532C34A271003762B0 /* ExtendedDivider.swift */ = {isa = PBXFileReference; lastKnownFileType = sourcecode.swift; path = ExtendedDivider.swift; sourceTree = "<group>"; };
		AF9E0C622C3741A900984C58 /* GradesGraphView.swift */ = {isa = PBXFileReference; lastKnownFileType = sourcecode.swift; path = GradesGraphView.swift; sourceTree = "<group>"; };
		AF9E0C642C37421900984C58 /* GradesGraphModel.swift */ = {isa = PBXFileReference; lastKnownFileType = sourcecode.swift; path = GradesGraphModel.swift; sourceTree = "<group>"; };
		AF9E0C6B2C3747C500984C58 /* ClimbingGrades.swift */ = {isa = PBXFileReference; lastKnownFileType = sourcecode.swift; path = ClimbingGrades.swift; sourceTree = "<group>"; };
		AF9E0C6E2C3747FD00984C58 /* FrenchClimbingGrades.swift */ = {isa = PBXFileReference; lastKnownFileType = sourcecode.swift; path = FrenchClimbingGrades.swift; sourceTree = "<group>"; };
		AF9E0C712C38AC0B00984C58 /* CreateRouteImageView.swift */ = {isa = PBXFileReference; lastKnownFileType = sourcecode.swift; path = CreateRouteImageView.swift; sourceTree = "<group>"; };
		AF9E0C742C38ACC400984C58 /* CreateRouteImageModel.swift */ = {isa = PBXFileReference; lastKnownFileType = sourcecode.swift; path = CreateRouteImageModel.swift; sourceTree = "<group>"; };
		AF9E0C772C38BE1800984C58 /* CreateRouteOverlayView.swift */ = {isa = PBXFileReference; lastKnownFileType = sourcecode.swift; path = CreateRouteOverlayView.swift; sourceTree = "<group>"; };
		AF9E0C7A2C39887F00984C58 /* RoutePoints.swift */ = {isa = PBXFileReference; lastKnownFileType = sourcecode.swift; path = RoutePoints.swift; sourceTree = "<group>"; };
		AFBE858F2D1229F20029217C /* PhotoCaptureButton.swift */ = {isa = PBXFileReference; lastKnownFileType = sourcecode.swift; path = PhotoCaptureButton.swift; sourceTree = "<group>"; };
		AFBED2892D12406F002CA393 /* ProcessInputSamples.swift */ = {isa = PBXFileReference; lastKnownFileType = sourcecode.swift; path = ProcessInputSamples.swift; sourceTree = "<group>"; };
		AFBED28F2D136D4F002CA393 /* CreateRouteImage.swift */ = {isa = PBXFileReference; lastKnownFileType = sourcecode.swift; path = CreateRouteImage.swift; sourceTree = "<group>"; };
		AFBED2912D1370BD002CA393 /* ImageUtils.swift */ = {isa = PBXFileReference; lastKnownFileType = sourcecode.swift; path = ImageUtils.swift; sourceTree = "<group>"; };
		AFBED2932D16221D002CA393 /* PhotoTakingOverlayView.swift */ = {isa = PBXFileReference; lastKnownFileType = sourcecode.swift; path = PhotoTakingOverlayView.swift; sourceTree = "<group>"; };
		AFBED2952D16237C002CA393 /* PhotoEditingOverlayView.swift */ = {isa = PBXFileReference; lastKnownFileType = sourcecode.swift; path = PhotoEditingOverlayView.swift; sourceTree = "<group>"; };
		AFD3916D2C30B976008CF2A7 /* RouteBoard-Bridging-Header.h */ = {isa = PBXFileReference; lastKnownFileType = sourcecode.c.h; path = "RouteBoard-Bridging-Header.h"; sourceTree = "<group>"; };
		AFD3916E2C30B977008CF2A7 /* OpenCVWrapper.mm */ = {isa = PBXFileReference; lastKnownFileType = sourcecode.cpp.objcpp; path = OpenCVWrapper.mm; sourceTree = "<group>"; };
		AFD391702C30BA94008CF2A7 /* OpenCVWrapper.h */ = {isa = PBXFileReference; lastKnownFileType = sourcecode.c.h; path = OpenCVWrapper.h; sourceTree = "<group>"; };
		AFD391712C30C11B008CF2A7 /* PrefixHeader.pch */ = {isa = PBXFileReference; lastKnownFileType = sourcecode.c.h; path = PrefixHeader.pch; sourceTree = "<group>"; };
		AFD3918E2C3191A8008CF2A7 /* ImportSamplesSwift.swift */ = {isa = PBXFileReference; lastKnownFileType = sourcecode.swift; path = ImportSamplesSwift.swift; sourceTree = "<group>"; };
		AFD391902C319B82008CF2A7 /* ProcessedSamplesSwift.swift */ = {isa = PBXFileReference; lastKnownFileType = sourcecode.swift; path = ProcessedSamplesSwift.swift; sourceTree = "<group>"; };
/* End PBXFileReference section */

/* Begin PBXFileSystemSynchronizedBuildFileExceptionSet section */
		AF0243722D1C7CDF0007748D /* PBXFileSystemSynchronizedBuildFileExceptionSet */ = {
			isa = PBXFileSystemSynchronizedBuildFileExceptionSet;
			publicHeaders = (
				GeneratedClient.h,
			);
			target = AF0243672D1C7CDF0007748D /* GeneratedClient */;
		};
/* End PBXFileSystemSynchronizedBuildFileExceptionSet section */

/* Begin PBXFileSystemSynchronizedRootGroup section */
		AF0243692D1C7CDF0007748D /* GeneratedClient */ = {
			isa = PBXFileSystemSynchronizedRootGroup;
			exceptions = (
				AF0243722D1C7CDF0007748D /* PBXFileSystemSynchronizedBuildFileExceptionSet */,
			);
			explicitFileTypes = {
			};
			explicitFolders = (
			);
			path = GeneratedClient;
			sourceTree = "<group>";
		};
/* End PBXFileSystemSynchronizedRootGroup section */

/* Begin PBXFrameworksBuildPhase section */
		AF0243652D1C7CDF0007748D /* Frameworks */ = {
			isa = PBXFrameworksBuildPhase;
			buildActionMask = 2147483647;
			files = (
				AFD92D9B2D1CCDEE00B68D92 /* HTTPTypes in Frameworks */,
				AFD92D8A2D1CCB1600B68D92 /* OpenAPIURLSession in Frameworks */,
				AF78ECAA2D1C8019009F3B79 /* OpenAPIRuntime in Frameworks */,
				AFD92D9D2D1CCDEE00B68D92 /* HTTPTypesFoundation in Frameworks */,
			);
			runOnlyForDeploymentPostprocessing = 0;
		};
		AF869C962C3064AA0092E371 /* Frameworks */ = {
			isa = PBXFrameworksBuildPhase;
			buildActionMask = 2147483647;
			files = (
				AF0243702D1C7CDF0007748D /* GeneratedClient.framework in Frameworks */,
				AF35C65C2CD7E2A400FEBC40 /* OpenAPIRuntime in Frameworks */,
				AF35C65E2CD7E2A700FEBC40 /* OpenAPIURLSession in Frameworks */,
				AFBED2872D123FA0002CA393 /* OpenCV in Frameworks */,
			);
			runOnlyForDeploymentPostprocessing = 0;
		};
		AF869CA62C3064AB0092E371 /* Frameworks */ = {
			isa = PBXFrameworksBuildPhase;
			buildActionMask = 2147483647;
			files = (
			);
			runOnlyForDeploymentPostprocessing = 0;
		};
		AF869CB02C3064AB0092E371 /* Frameworks */ = {
			isa = PBXFrameworksBuildPhase;
			buildActionMask = 2147483647;
			files = (
			);
			runOnlyForDeploymentPostprocessing = 0;
		};
/* End PBXFrameworksBuildPhase section */

/* Begin PBXGroup section */
		AF0A110D2C3C8EC500BFAEAC /* Model */ = {
			isa = PBXGroup;
			children = (
				AF0A110E2C3C8EEB00BFAEAC /* SimpleRoute.swift */,
			);
			path = Model;
			sourceTree = "<group>";
		};
		AF191C712C35EB92000EBB61 /* Theme */ = {
			isa = PBXGroup;
			children = (
				AF8DA6472CD5671A00751865 /* ApplyBackgroundColor.swift */,
				AF8DA6452CD563D400751865 /* ColorTheme.swift */,
			);
			path = Theme;
			sourceTree = "<group>";
		};
		AF2991C12D078A7300BB7907 /* Camera */ = {
			isa = PBXGroup;
			children = (
				AF2991EF2D078CFA00BB7907 /* Support */,
				AF2991E72D078CF200BB7907 /* Capture */,
				AF2991DD2D078CEE00BB7907 /* Model */,
			);
			path = Camera;
			sourceTree = "<group>";
		};
		AF2991DD2D078CEE00BB7907 /* Model */ = {
			isa = PBXGroup;
			children = (
				AF2991F32D078D3400BB7907 /* CameraModel.swift */,
				AF2991D82D078CEE00BB7907 /* DataTypes.swift */,
				AF2991D92D078CEE00BB7907 /* MediaLibrary.swift */,
			);
			path = Model;
			sourceTree = "<group>";
		};
		AF2991E72D078CF200BB7907 /* Capture */ = {
			isa = PBXGroup;
			children = (
				AF2991E32D078CF200BB7907 /* PhotoCapture.swift */,
			);
			path = Capture;
			sourceTree = "<group>";
		};
		AF2991EF2D078CFA00BB7907 /* Support */ = {
			isa = PBXGroup;
			children = (
				AF29920A2D07BEB300BB7907 /* CameraPreview.swift */,
			);
			path = Support;
			sourceTree = "<group>";
		};
		AF869C902C3064AA0092E371 = {
			isa = PBXGroup;
			children = (
				AF869C9B2C3064AA0092E371 /* RouteBoard */,
				AF869CAC2C3064AB0092E371 /* RouteBoardTests */,
				AF869CB62C3064AB0092E371 /* RouteBoardUITests */,
				AF0243692D1C7CDF0007748D /* GeneratedClient */,
				AF869C9A2C3064AA0092E371 /* Products */,
				FEBC264089E2C785C11FAB6F /* Pods */,
				AFA0013F2D1CCAEF000A3E2C /* Frameworks */,
			);
			sourceTree = "<group>";
		};
		AF869C9A2C3064AA0092E371 /* Products */ = {
			isa = PBXGroup;
			children = (
				AF869C992C3064AA0092E371 /* RouteBoard.app */,
				AF869CA92C3064AB0092E371 /* RouteBoardTests.xctest */,
				AF869CB32C3064AB0092E371 /* RouteBoardUITests.xctest */,
				AF0243682D1C7CDF0007748D /* GeneratedClient.framework */,
			);
			name = Products;
			sourceTree = "<group>";
		};
		AF869C9B2C3064AA0092E371 /* RouteBoard */ = {
			isa = PBXGroup;
			children = (
				AF35C6AD2CD80B5000FEBC40 /* Info.plist */,
				AF9B62472C346D52003762B0 /* Features */,
				AF9B62462C346D47003762B0 /* Base */,
				AF869C9C2C3064AA0092E371 /* RouteBoardApp.swift */,
				AF869CA02C3064AB0092E371 /* Assets.xcassets */,
				AF869CA22C3064AB0092E371 /* Preview Content */,
				AFD3916E2C30B977008CF2A7 /* OpenCVWrapper.mm */,
				AFD3916D2C30B976008CF2A7 /* RouteBoard-Bridging-Header.h */,
				AFD391702C30BA94008CF2A7 /* OpenCVWrapper.h */,
				AFD391712C30C11B008CF2A7 /* PrefixHeader.pch */,
			);
			path = RouteBoard;
			sourceTree = "<group>";
		};
		AF869CA22C3064AB0092E371 /* Preview Content */ = {
			isa = PBXGroup;
			children = (
				AF869CA32C3064AB0092E371 /* Preview Assets.xcassets */,
			);
			path = "Preview Content";
			sourceTree = "<group>";
		};
		AF869CAC2C3064AB0092E371 /* RouteBoardTests */ = {
			isa = PBXGroup;
			children = (
				AF869CAD2C3064AB0092E371 /* RouteBoardTests.swift */,
			);
			path = RouteBoardTests;
			sourceTree = "<group>";
		};
		AF869CB62C3064AB0092E371 /* RouteBoardUITests */ = {
			isa = PBXGroup;
			children = (
				AF869CB72C3064AB0092E371 /* RouteBoardUITests.swift */,
				AF869CB92C3064AB0092E371 /* RouteBoardUITestsLaunchTests.swift */,
			);
			path = RouteBoardUITests;
			sourceTree = "<group>";
		};
		AF869CC62C3065B20092E371 /* RouteFinder */ = {
			isa = PBXGroup;
			children = (
				AF869CCD2C307CC50092E371 /* RouteFinderView.swift */,
				AF9B624A2C346DAC003762B0 /* View Model */,
				AF9B62492C346DA0003762B0 /* Model */,
				AF9B62482C346D99003762B0 /* Views */,
			);
			path = RouteFinder;
			sourceTree = "<group>";
		};
		AF8DA6352CD4461800751865 /* MainPage */ = {
			isa = PBXGroup;
			children = (
				AF8DA6382CD44C7100751865 /* Views */,
				AF8DA6362CD4465200751865 /* IndexView.swift */,
			);
			path = MainPage;
			sourceTree = "<group>";
		};
		AF8DA6382CD44C7100751865 /* Views */ = {
			isa = PBXGroup;
			children = (
				AF8DA63F2CD45DD000751865 /* RouteAscentView.swift */,
				AF8DA63B2CD450C400751865 /* RecentAscentsView.swift */,
				AF8DA6392CD44C7B00751865 /* WelcomeTextView.swift */,
			);
			path = Views;
			sourceTree = "<group>";
		};
		AF8DA6422CD547B800751865 /* MainNavigation */ = {
			isa = PBXGroup;
			children = (
				AF8DA6432CD54A4B00751865 /* MainNavigationView.swift */,
			);
			path = MainNavigation;
			sourceTree = "<group>";
		};
		AF8DA6492CD56B9D00751865 /* GeneralSearch */ = {
			isa = PBXGroup;
			children = (
				AF8DA64C2CD56D7300751865 /* Views */,
				AF8DA64A2CD56C0F00751865 /* GeneralSearchView.swift */,
			);
			path = GeneralSearch;
			sourceTree = "<group>";
		};
		AF8DA64C2CD56D7300751865 /* Views */ = {
			isa = PBXGroup;
			children = (
				AF8DA64D2CD56D7C00751865 /* SearchResultView.swift */,
				6911F0D871407834575781BE /* NoSearchResults.swift */,
				6911FB5412234CF26B197F5A /* LoadingSearchResults.swift */,
				6911F51F855391514852E6F0 /* SingleResultView.swift */,
			);
			path = Views;
			sourceTree = "<group>";
		};
		AF9B62462C346D47003762B0 /* Base */ = {
			isa = PBXGroup;
			children = (
				AFBED2882D12405C002CA393 /* OpenCVAlgorithms */,
				AF2991C12D078A7300BB7907 /* Camera */,
				AF8DA6422CD547B800751865 /* MainNavigation */,
				AF9E0C6A2C37476B00984C58 /* ClimbingGrades */,
				AF191C712C35EB92000EBB61 /* Theme */,
				AF9B62522C34A261003762B0 /* ExtendedDivider */,
				AF9B624F2C349472003762B0 /* ImageCarousel */,
			);
			path = Base;
			sourceTree = "<group>";
		};
		AF9B62472C346D52003762B0 /* Features */ = {
			isa = PBXGroup;
			children = (
				AF8DA6492CD56B9D00751865 /* GeneralSearch */,
				AF8DA6352CD4461800751865 /* MainPage */,
				AF9E0C702C38ABEB00984C58 /* CreateRouteImage */,
				AF9B624B2C348D0F003762B0 /* Sector */,
				AF869CC62C3065B20092E371 /* RouteFinder */,
			);
			path = Features;
			sourceTree = "<group>";
		};
		AF9B62482C346D99003762B0 /* Views */ = {
			isa = PBXGroup;
			children = (
				AF869CCF2C307CFA0092E371 /* ViewFinderView.swift */,
				AF191C6D2C34B8AD000EBB61 /* RouteFinderBottomInfoView.swift */,
			);
			path = Views;
			sourceTree = "<group>";
		};
		AF9B62492C346DA0003762B0 /* Model */ = {
			isa = PBXGroup;
			children = (
				AFD3918E2C3191A8008CF2A7 /* ImportSamplesSwift.swift */,
				AFD391902C319B82008CF2A7 /* ProcessedSamplesSwift.swift */,
				AF773D6B2C3DFBED00886C00 /* OverlayAndRouteId.swift */,
			);
			path = Model;
			sourceTree = "<group>";
		};
		AF9B624A2C346DAC003762B0 /* View Model */ = {
			isa = PBXGroup;
			children = (
				AF869CD12C307D870092E371 /* RouteImageModel.swift */,
			);
			path = "View Model";
			sourceTree = "<group>";
		};
		AF9B624B2C348D0F003762B0 /* Sector */ = {
			isa = PBXGroup;
			children = (
				AF0A110D2C3C8EC500BFAEAC /* Model */,
				AF9E0C662C37422100984C58 /* View Model */,
				AF9B624C2C348D30003762B0 /* Views */,
				AF9B624D2C348E4B003762B0 /* SectorView.swift */,
			);
			path = Sector;
			sourceTree = "<group>";
		};
		AF9B624C2C348D30003762B0 /* Views */ = {
			isa = PBXGroup;
			children = (
				AF191C6F2C34D953000EBB61 /* InformationRectanglesView.swift */,
				AF9E0C622C3741A900984C58 /* GradesGraphView.swift */,
				AF0A110A2C3C86D000BFAEAC /* RoutesListView.swift */,
			);
			path = Views;
			sourceTree = "<group>";
		};
		AF9B624F2C349472003762B0 /* ImageCarousel */ = {
			isa = PBXGroup;
			children = (
				AF9B62502C349484003762B0 /* ImageCarouselView.swift */,
			);
			path = ImageCarousel;
			sourceTree = "<group>";
		};
		AF9B62522C34A261003762B0 /* ExtendedDivider */ = {
			isa = PBXGroup;
			children = (
				AF9B62532C34A271003762B0 /* ExtendedDivider.swift */,
			);
			path = ExtendedDivider;
			sourceTree = "<group>";
		};
		AF9E0C662C37422100984C58 /* View Model */ = {
			isa = PBXGroup;
			children = (
				AF9E0C642C37421900984C58 /* GradesGraphModel.swift */,
			);
			path = "View Model";
			sourceTree = "<group>";
		};
		AF9E0C6A2C37476B00984C58 /* ClimbingGrades */ = {
			isa = PBXGroup;
			children = (
				AF9E0C6D2C3747F200984C58 /* impls */,
				AF9E0C6B2C3747C500984C58 /* ClimbingGrades.swift */,
			);
			path = ClimbingGrades;
			sourceTree = "<group>";
		};
		AF9E0C6D2C3747F200984C58 /* impls */ = {
			isa = PBXGroup;
			children = (
				AF9E0C6E2C3747FD00984C58 /* FrenchClimbingGrades.swift */,
			);
			path = impls;
			sourceTree = "<group>";
		};
		AF9E0C702C38ABEB00984C58 /* CreateRouteImage */ = {
			isa = PBXGroup;
			children = (
				AF9E0C792C39886C00984C58 /* Model */,
				AF9E0C762C38BDE800984C58 /* View */,
				AF9E0C732C38AC9F00984C58 /* View Model */,
				AF9E0C712C38AC0B00984C58 /* CreateRouteImageView.swift */,
			);
			path = CreateRouteImage;
			sourceTree = "<group>";
		};
		AF9E0C732C38AC9F00984C58 /* View Model */ = {
			isa = PBXGroup;
			children = (
				AF9E0C742C38ACC400984C58 /* CreateRouteImageModel.swift */,
			);
			path = "View Model";
			sourceTree = "<group>";
		};
		AF9E0C762C38BDE800984C58 /* View */ = {
			isa = PBXGroup;
			children = (
				AF0243372D16401E0007748D /* PhotoDrawingCanvas.swift */,
				AF0243332D163FB70007748D /* ConfirmPhotoOverlayView.swift */,
				AFBED2952D16237C002CA393 /* PhotoEditingOverlayView.swift */,
				AFBED2932D16221D002CA393 /* PhotoTakingOverlayView.swift */,
				AFBE858F2D1229F20029217C /* PhotoCaptureButton.swift */,
				AF9E0C772C38BE1800984C58 /* CreateRouteOverlayView.swift */,
			);
			path = View;
			sourceTree = "<group>";
		};
		AF9E0C792C39886C00984C58 /* Model */ = {
			isa = PBXGroup;
			children = (
				AF9E0C7A2C39887F00984C58 /* RoutePoints.swift */,
			);
			path = Model;
			sourceTree = "<group>";
		};
		AFA0013F2D1CCAEF000A3E2C /* Frameworks */ = {
			isa = PBXGroup;
			children = (
			);
			name = Frameworks;
			sourceTree = "<group>";
		};
		AFBED2882D12405C002CA393 /* OpenCVAlgorithms */ = {
			isa = PBXGroup;
			children = (
				AFBED2912D1370BD002CA393 /* ImageUtils.swift */,
				AFBED28F2D136D4F002CA393 /* CreateRouteImage.swift */,
				AFBED2892D12406F002CA393 /* ProcessInputSamples.swift */,
			);
			path = OpenCVAlgorithms;
			sourceTree = "<group>";
		};
		FEBC264089E2C785C11FAB6F /* Pods */ = {
			isa = PBXGroup;
			children = (
			);
			path = Pods;
			sourceTree = "<group>";
		};
/* End PBXGroup section */

/* Begin PBXHeadersBuildPhase section */
		AF0243632D1C7CDF0007748D /* Headers */ = {
			isa = PBXHeadersBuildPhase;
			buildActionMask = 2147483647;
			files = (
			);
			runOnlyForDeploymentPostprocessing = 0;
		};
/* End PBXHeadersBuildPhase section */

/* Begin PBXNativeTarget section */
		AF0243672D1C7CDF0007748D /* GeneratedClient */ = {
			isa = PBXNativeTarget;
			buildConfigurationList = AF0243732D1C7CDF0007748D /* Build configuration list for PBXNativeTarget "GeneratedClient" */;
			buildPhases = (
				AF0243632D1C7CDF0007748D /* Headers */,
				AF0243642D1C7CDF0007748D /* Sources */,
				AF0243652D1C7CDF0007748D /* Frameworks */,
				AF0243662D1C7CDF0007748D /* Resources */,
			);
			buildRules = (
			);
			dependencies = (
				AF78ECAF2D1C8078009F3B79 /* PBXTargetDependency */,
			);
			fileSystemSynchronizedGroups = (
				AF0243692D1C7CDF0007748D /* GeneratedClient */,
			);
			name = GeneratedClient;
			packageProductDependencies = (
				AF78ECA92D1C8019009F3B79 /* OpenAPIRuntime */,
				AFD92D892D1CCB1600B68D92 /* OpenAPIURLSession */,
				AFD92D9A2D1CCDEE00B68D92 /* HTTPTypes */,
				AFD92D9C2D1CCDEE00B68D92 /* HTTPTypesFoundation */,
			);
			productName = GeneratedClient;
			productReference = AF0243682D1C7CDF0007748D /* GeneratedClient.framework */;
			productType = "com.apple.product-type.framework";
		};
		AF869C982C3064AA0092E371 /* RouteBoard */ = {
			isa = PBXNativeTarget;
			buildConfigurationList = AF869CBD2C3064AB0092E371 /* Build configuration list for PBXNativeTarget "RouteBoard" */;
			buildPhases = (
				AF869C952C3064AA0092E371 /* Sources */,
				AF869C962C3064AA0092E371 /* Frameworks */,
				AF869C972C3064AA0092E371 /* Resources */,
				AF0243762D1C7CDF0007748D /* Embed Frameworks */,
			);
			buildRules = (
			);
			dependencies = (
				AF02436F2D1C7CDF0007748D /* PBXTargetDependency */,
			);
			name = RouteBoard;
			productName = RouteBoard;
			productReference = AF869C992C3064AA0092E371 /* RouteBoard.app */;
			productType = "com.apple.product-type.application";
		};
		AF869CA82C3064AB0092E371 /* RouteBoardTests */ = {
			isa = PBXNativeTarget;
			buildConfigurationList = AF869CC02C3064AB0092E371 /* Build configuration list for PBXNativeTarget "RouteBoardTests" */;
			buildPhases = (
				AF869CA52C3064AB0092E371 /* Sources */,
				AF869CA62C3064AB0092E371 /* Frameworks */,
				AF869CA72C3064AB0092E371 /* Resources */,
			);
			buildRules = (
			);
			dependencies = (
				AF869CAB2C3064AB0092E371 /* PBXTargetDependency */,
			);
			name = RouteBoardTests;
			productName = RouteBoardTests;
			productReference = AF869CA92C3064AB0092E371 /* RouteBoardTests.xctest */;
			productType = "com.apple.product-type.bundle.unit-test";
		};
		AF869CB22C3064AB0092E371 /* RouteBoardUITests */ = {
			isa = PBXNativeTarget;
			buildConfigurationList = AF869CC32C3064AB0092E371 /* Build configuration list for PBXNativeTarget "RouteBoardUITests" */;
			buildPhases = (
				AF869CAF2C3064AB0092E371 /* Sources */,
				AF869CB02C3064AB0092E371 /* Frameworks */,
				AF869CB12C3064AB0092E371 /* Resources */,
			);
			buildRules = (
			);
			dependencies = (
				AF869CB52C3064AB0092E371 /* PBXTargetDependency */,
			);
			name = RouteBoardUITests;
			productName = RouteBoardUITests;
			productReference = AF869CB32C3064AB0092E371 /* RouteBoardUITests.xctest */;
			productType = "com.apple.product-type.bundle.ui-testing";
		};
/* End PBXNativeTarget section */

/* Begin PBXProject section */
		AF869C912C3064AA0092E371 /* Project object */ = {
			isa = PBXProject;
			attributes = {
				BuildIndependentTargetsInParallel = 1;
				LastSwiftUpdateCheck = 1540;
				LastUpgradeCheck = 1620;
				TargetAttributes = {
					AF0243672D1C7CDF0007748D = {
						CreatedOnToolsVersion = 16.2;
					};
					AF869C982C3064AA0092E371 = {
						CreatedOnToolsVersion = 15.4;
						LastSwiftMigration = 1540;
					};
					AF869CA82C3064AB0092E371 = {
						CreatedOnToolsVersion = 15.4;
						TestTargetID = AF869C982C3064AA0092E371;
					};
					AF869CB22C3064AB0092E371 = {
						CreatedOnToolsVersion = 15.4;
						TestTargetID = AF869C982C3064AA0092E371;
					};
				};
			};
			buildConfigurationList = AF869C942C3064AA0092E371 /* Build configuration list for PBXProject "RouteBoard" */;
			compatibilityVersion = "Xcode 14.0";
			developmentRegion = en;
			hasScannedForEncodings = 0;
			knownRegions = (
				en,
				Base,
			);
			mainGroup = AF869C902C3064AA0092E371;
			packageReferences = (
				AFBED2852D123FA0002CA393 /* XCRemoteSwiftPackageReference "opencv-spm" */,
				AF78ECA72D1C8003009F3B79 /* XCRemoteSwiftPackageReference "swift-openapi-generator" */,
				AF78ECA82D1C8019009F3B79 /* XCRemoteSwiftPackageReference "swift-openapi-runtime" */,
				AFD92D882D1CCB1600B68D92 /* XCRemoteSwiftPackageReference "swift-openapi-urlsession" */,
				AFD92D992D1CCDEE00B68D92 /* XCRemoteSwiftPackageReference "swift-http-types" */,
			);
			productRefGroup = AF869C9A2C3064AA0092E371 /* Products */;
			projectDirPath = "";
			projectRoot = "";
			targets = (
				AF869C982C3064AA0092E371 /* RouteBoard */,
				AF869CA82C3064AB0092E371 /* RouteBoardTests */,
				AF869CB22C3064AB0092E371 /* RouteBoardUITests */,
				AF0243672D1C7CDF0007748D /* GeneratedClient */,
			);
		};
/* End PBXProject section */

/* Begin PBXResourcesBuildPhase section */
		AF0243662D1C7CDF0007748D /* Resources */ = {
			isa = PBXResourcesBuildPhase;
			buildActionMask = 2147483647;
			files = (
			);
			runOnlyForDeploymentPostprocessing = 0;
		};
		AF869C972C3064AA0092E371 /* Resources */ = {
			isa = PBXResourcesBuildPhase;
			buildActionMask = 2147483647;
			files = (
				AF869CA42C3064AB0092E371 /* Preview Assets.xcassets in Resources */,
				AF869CA12C3064AB0092E371 /* Assets.xcassets in Resources */,
			);
			runOnlyForDeploymentPostprocessing = 0;
		};
		AF869CA72C3064AB0092E371 /* Resources */ = {
			isa = PBXResourcesBuildPhase;
			buildActionMask = 2147483647;
			files = (
			);
			runOnlyForDeploymentPostprocessing = 0;
		};
		AF869CB12C3064AB0092E371 /* Resources */ = {
			isa = PBXResourcesBuildPhase;
			buildActionMask = 2147483647;
			files = (
			);
			runOnlyForDeploymentPostprocessing = 0;
		};
/* End PBXResourcesBuildPhase section */

/* Begin PBXSourcesBuildPhase section */
		AF0243642D1C7CDF0007748D /* Sources */ = {
			isa = PBXSourcesBuildPhase;
			buildActionMask = 2147483647;
			files = (
			);
			runOnlyForDeploymentPostprocessing = 0;
		};
		AF869C952C3064AA0092E371 /* Sources */ = {
			isa = PBXSourcesBuildPhase;
			buildActionMask = 2147483647;
			files = (
				AFD391912C319B82008CF2A7 /* ProcessedSamplesSwift.swift in Sources */,
				AF8DA64B2CD56C1300751865 /* GeneralSearchView.swift in Sources */,
				AF8DA6442CD54A4E00751865 /* MainNavigationView.swift in Sources */,
				AF191C702C34D953000EBB61 /* InformationRectanglesView.swift in Sources */,
				AF8DA6482CD5671E00751865 /* ApplyBackgroundColor.swift in Sources */,
				AF9E0C632C3741A900984C58 /* GradesGraphView.swift in Sources */,
				AF869CD22C307D870092E371 /* RouteImageModel.swift in Sources */,
				AFBED2962D16239B002CA393 /* PhotoEditingOverlayView.swift in Sources */,
				AFBED2902D136D5B002CA393 /* CreateRouteImage.swift in Sources */,
				AF0A110B2C3C86D000BFAEAC /* RoutesListView.swift in Sources */,
				AF29920B2D07BEB300BB7907 /* CameraPreview.swift in Sources */,
				AF9E0C722C38AC0B00984C58 /* CreateRouteImageView.swift in Sources */,
				AFD3916F2C30B977008CF2A7 /* OpenCVWrapper.mm in Sources */,
				AF9B62542C34A271003762B0 /* ExtendedDivider.swift in Sources */,
				AF8DA63A2CD44C7E00751865 /* WelcomeTextView.swift in Sources */,
				AF9E0C652C37421900984C58 /* GradesGraphModel.swift in Sources */,
				AF191C6E2C34B8AD000EBB61 /* RouteFinderBottomInfoView.swift in Sources */,
				AF869CD02C307CFA0092E371 /* ViewFinderView.swift in Sources */,
				AF9E0C782C38BE1800984C58 /* CreateRouteOverlayView.swift in Sources */,
				AF9E0C752C38ACC400984C58 /* CreateRouteImageModel.swift in Sources */,
				AF9E0C6C2C3747C500984C58 /* ClimbingGrades.swift in Sources */,
				AF8DA6402CD45DD400751865 /* RouteAscentView.swift in Sources */,
				AF8DA63C2CD450CC00751865 /* RecentAscentsView.swift in Sources */,
				AFBE85902D1229F70029217C /* PhotoCaptureButton.swift in Sources */,
				AF9E0C6F2C3747FD00984C58 /* FrenchClimbingGrades.swift in Sources */,
				AF2991EA2D078CF200BB7907 /* PhotoCapture.swift in Sources */,
				AF2991F62D078D3400BB7907 /* CameraModel.swift in Sources */,
				AF9E0C7B2C39887F00984C58 /* RoutePoints.swift in Sources */,
				AF8DA6462CD563DC00751865 /* ColorTheme.swift in Sources */,
				AFBED2922D1370DC002CA393 /* ImageUtils.swift in Sources */,
				AF869CCE2C307CC50092E371 /* RouteFinderView.swift in Sources */,
				AFBED28A2D124079002CA393 /* ProcessInputSamples.swift in Sources */,
				AFBED2942D162231002CA393 /* PhotoTakingOverlayView.swift in Sources */,
				AF0243342D163FC70007748D /* ConfirmPhotoOverlayView.swift in Sources */,
				AF8DA6372CD4465500751865 /* IndexView.swift in Sources */,
				AF0243382D1640250007748D /* PhotoDrawingCanvas.swift in Sources */,
				AF9B624E2C348E4B003762B0 /* SectorView.swift in Sources */,
				AF773D6C2C3DFBED00886C00 /* OverlayAndRouteId.swift in Sources */,
				AF8DA64E2CD56D8000751865 /* SearchResultView.swift in Sources */,
				AFD3918F2C3191A8008CF2A7 /* ImportSamplesSwift.swift in Sources */,
				AF2991DE2D078CEE00BB7907 /* MediaLibrary.swift in Sources */,
				AF2991E12D078CEE00BB7907 /* DataTypes.swift in Sources */,
				AF9B62512C349484003762B0 /* ImageCarouselView.swift in Sources */,
				AF0A110F2C3C8EEB00BFAEAC /* SimpleRoute.swift in Sources */,
				AF869C9D2C3064AA0092E371 /* RouteBoardApp.swift in Sources */,
				6911F3A7BA91E08FC4899967 /* NoSearchResults.swift in Sources */,
				6911F6F222906945D23F3284 /* LoadingSearchResults.swift in Sources */,
				6911F75652EFE19E90503597 /* SingleResultView.swift in Sources */,
			);
			runOnlyForDeploymentPostprocessing = 0;
		};
		AF869CA52C3064AB0092E371 /* Sources */ = {
			isa = PBXSourcesBuildPhase;
			buildActionMask = 2147483647;
			files = (
				AF869CAE2C3064AB0092E371 /* RouteBoardTests.swift in Sources */,
			);
			runOnlyForDeploymentPostprocessing = 0;
		};
		AF869CAF2C3064AB0092E371 /* Sources */ = {
			isa = PBXSourcesBuildPhase;
			buildActionMask = 2147483647;
			files = (
				AF869CB82C3064AB0092E371 /* RouteBoardUITests.swift in Sources */,
				AF869CBA2C3064AB0092E371 /* RouteBoardUITestsLaunchTests.swift in Sources */,
			);
			runOnlyForDeploymentPostprocessing = 0;
		};
/* End PBXSourcesBuildPhase section */

/* Begin PBXTargetDependency section */
		AF02436F2D1C7CDF0007748D /* PBXTargetDependency */ = {
			isa = PBXTargetDependency;
			target = AF0243672D1C7CDF0007748D /* GeneratedClient */;
			targetProxy = AF02436E2D1C7CDF0007748D /* PBXContainerItemProxy */;
		};
		AF78ECAF2D1C8078009F3B79 /* PBXTargetDependency */ = {
			isa = PBXTargetDependency;
			productRef = AF78ECAE2D1C8078009F3B79 /* plugin:OpenAPIGenerator */;
		};
		AF869CAB2C3064AB0092E371 /* PBXTargetDependency */ = {
			isa = PBXTargetDependency;
			target = AF869C982C3064AA0092E371 /* RouteBoard */;
			targetProxy = AF869CAA2C3064AB0092E371 /* PBXContainerItemProxy */;
		};
		AF869CB52C3064AB0092E371 /* PBXTargetDependency */ = {
			isa = PBXTargetDependency;
			target = AF869C982C3064AA0092E371 /* RouteBoard */;
			targetProxy = AF869CB42C3064AB0092E371 /* PBXContainerItemProxy */;
		};
/* End PBXTargetDependency section */

/* Begin XCBuildConfiguration section */
		AF0243742D1C7CDF0007748D /* Debug */ = {
			isa = XCBuildConfiguration;
			buildSettings = {
				BUILD_LIBRARY_FOR_DISTRIBUTION = NO;
				CODE_SIGN_IDENTITY = "";
				CODE_SIGN_STYLE = Automatic;
				CURRENT_PROJECT_VERSION = 1;
				DEFINES_MODULE = YES;
				DEVELOPMENT_TEAM = XR4F5YJM8R;
				DYLIB_COMPATIBILITY_VERSION = 1;
				DYLIB_CURRENT_VERSION = 1;
				DYLIB_INSTALL_NAME_BASE = "@rpath";
				ENABLE_MODULE_VERIFIER = YES;
				GENERATE_INFOPLIST_FILE = YES;
				INFOPLIST_KEY_NSHumanReadableCopyright = "";
				INSTALL_PATH = "$(LOCAL_LIBRARY_DIR)/Frameworks";
				IPHONEOS_DEPLOYMENT_TARGET = 18.0;
				LD_RUNPATH_SEARCH_PATHS = (
					"$(inherited)",
					"@executable_path/Frameworks",
					"@loader_path/Frameworks",
				);
				MARKETING_VERSION = 1.0;
				MODULE_VERIFIER_SUPPORTED_LANGUAGES = "objective-c objective-c++";
				MODULE_VERIFIER_SUPPORTED_LANGUAGE_STANDARDS = "gnu17 gnu++20";
				PRODUCT_BUNDLE_IDENTIFIER = acvijanovic.RouteBoard.GeneratedClient;
				PRODUCT_NAME = "$(TARGET_NAME:c99extidentifier)";
				SKIP_INSTALL = YES;
				SWIFT_EMIT_LOC_STRINGS = YES;
				SWIFT_INSTALL_OBJC_HEADER = NO;
				SWIFT_VERSION = 5.0;
				TARGETED_DEVICE_FAMILY = "1,2";
				VERSIONING_SYSTEM = "apple-generic";
				VERSION_INFO_PREFIX = "";
			};
			name = Debug;
		};
		AF0243752D1C7CDF0007748D /* Release */ = {
			isa = XCBuildConfiguration;
			buildSettings = {
				BUILD_LIBRARY_FOR_DISTRIBUTION = NO;
				CODE_SIGN_IDENTITY = "";
				CODE_SIGN_STYLE = Automatic;
				CURRENT_PROJECT_VERSION = 1;
				DEFINES_MODULE = YES;
				DEVELOPMENT_TEAM = XR4F5YJM8R;
				DYLIB_COMPATIBILITY_VERSION = 1;
				DYLIB_CURRENT_VERSION = 1;
				DYLIB_INSTALL_NAME_BASE = "@rpath";
				ENABLE_MODULE_VERIFIER = YES;
				GENERATE_INFOPLIST_FILE = YES;
				INFOPLIST_KEY_NSHumanReadableCopyright = "";
				INSTALL_PATH = "$(LOCAL_LIBRARY_DIR)/Frameworks";
				IPHONEOS_DEPLOYMENT_TARGET = 18.0;
				LD_RUNPATH_SEARCH_PATHS = (
					"$(inherited)",
					"@executable_path/Frameworks",
					"@loader_path/Frameworks",
				);
				MARKETING_VERSION = 1.0;
				MODULE_VERIFIER_SUPPORTED_LANGUAGES = "objective-c objective-c++";
				MODULE_VERIFIER_SUPPORTED_LANGUAGE_STANDARDS = "gnu17 gnu++20";
				ONLY_ACTIVE_ARCH = YES;
				PRODUCT_BUNDLE_IDENTIFIER = acvijanovic.RouteBoard.GeneratedClient;
				PRODUCT_NAME = "$(TARGET_NAME:c99extidentifier)";
				SKIP_INSTALL = YES;
				SWIFT_EMIT_LOC_STRINGS = YES;
				SWIFT_INSTALL_OBJC_HEADER = NO;
				SWIFT_VERSION = 5.0;
				TARGETED_DEVICE_FAMILY = "1,2";
				VERSIONING_SYSTEM = "apple-generic";
				VERSION_INFO_PREFIX = "";
			};
			name = Release;
		};
		AF869CBB2C3064AB0092E371 /* Debug */ = {
			isa = XCBuildConfiguration;
			buildSettings = {
				ALWAYS_SEARCH_USER_PATHS = NO;
				ASSETCATALOG_COMPILER_GENERATE_SWIFT_ASSET_SYMBOL_EXTENSIONS = YES;
				CLANG_ANALYZER_NONNULL = YES;
				CLANG_ANALYZER_NUMBER_OBJECT_CONVERSION = YES_AGGRESSIVE;
				CLANG_CXX_LANGUAGE_STANDARD = "gnu++20";
				CLANG_ENABLE_MODULES = YES;
				CLANG_ENABLE_OBJC_ARC = YES;
				CLANG_ENABLE_OBJC_WEAK = YES;
				CLANG_WARN_BLOCK_CAPTURE_AUTORELEASING = YES;
				CLANG_WARN_BOOL_CONVERSION = YES;
				CLANG_WARN_COMMA = YES;
				CLANG_WARN_CONSTANT_CONVERSION = YES;
				CLANG_WARN_DEPRECATED_OBJC_IMPLEMENTATIONS = YES;
				CLANG_WARN_DIRECT_OBJC_ISA_USAGE = YES_ERROR;
				CLANG_WARN_DOCUMENTATION_COMMENTS = YES;
				CLANG_WARN_EMPTY_BODY = YES;
				CLANG_WARN_ENUM_CONVERSION = YES;
				CLANG_WARN_INFINITE_RECURSION = YES;
				CLANG_WARN_INT_CONVERSION = YES;
				CLANG_WARN_NON_LITERAL_NULL_CONVERSION = YES;
				CLANG_WARN_OBJC_IMPLICIT_RETAIN_SELF = YES;
				CLANG_WARN_OBJC_LITERAL_CONVERSION = YES;
				CLANG_WARN_OBJC_ROOT_CLASS = YES_ERROR;
				CLANG_WARN_QUOTED_INCLUDE_IN_FRAMEWORK_HEADER = YES;
				CLANG_WARN_RANGE_LOOP_ANALYSIS = YES;
				CLANG_WARN_STRICT_PROTOTYPES = YES;
				CLANG_WARN_SUSPICIOUS_MOVE = YES;
				CLANG_WARN_UNGUARDED_AVAILABILITY = YES_AGGRESSIVE;
				CLANG_WARN_UNREACHABLE_CODE = YES;
				CLANG_WARN__DUPLICATE_METHOD_MATCH = YES;
				COPY_PHASE_STRIP = NO;
				DEBUG_INFORMATION_FORMAT = dwarf;
				ENABLE_STRICT_OBJC_MSGSEND = YES;
				ENABLE_TESTABILITY = YES;
				ENABLE_USER_SCRIPT_SANDBOXING = YES;
				GCC_C_LANGUAGE_STANDARD = gnu17;
				GCC_DYNAMIC_NO_PIC = NO;
				GCC_NO_COMMON_BLOCKS = YES;
				GCC_OPTIMIZATION_LEVEL = 0;
				GCC_PREPROCESSOR_DEFINITIONS = (
					"DEBUG=1",
					"$(inherited)",
				);
				GCC_WARN_64_TO_32_BIT_CONVERSION = YES;
				GCC_WARN_ABOUT_RETURN_TYPE = YES_ERROR;
				GCC_WARN_UNDECLARED_SELECTOR = YES;
				GCC_WARN_UNINITIALIZED_AUTOS = YES_AGGRESSIVE;
				GCC_WARN_UNUSED_FUNCTION = YES;
				GCC_WARN_UNUSED_VARIABLE = YES;
				IPHONEOS_DEPLOYMENT_TARGET = 17.5;
				LOCALIZATION_PREFERS_STRING_CATALOGS = YES;
				MTL_ENABLE_DEBUG_INFO = INCLUDE_SOURCE;
				MTL_FAST_MATH = YES;
				ONLY_ACTIVE_ARCH = YES;
				SDKROOT = iphoneos;
				SWIFT_ACTIVE_COMPILATION_CONDITIONS = "DEBUG $(inherited)";
				SWIFT_OBJC_BRIDGING_HEADER = "";
				SWIFT_OPTIMIZATION_LEVEL = "-Onone";
			};
			name = Debug;
		};
		AF869CBC2C3064AB0092E371 /* Release */ = {
			isa = XCBuildConfiguration;
			buildSettings = {
				ALWAYS_SEARCH_USER_PATHS = NO;
				ASSETCATALOG_COMPILER_GENERATE_SWIFT_ASSET_SYMBOL_EXTENSIONS = YES;
				CLANG_ANALYZER_NONNULL = YES;
				CLANG_ANALYZER_NUMBER_OBJECT_CONVERSION = YES_AGGRESSIVE;
				CLANG_CXX_LANGUAGE_STANDARD = "gnu++20";
				CLANG_ENABLE_MODULES = YES;
				CLANG_ENABLE_OBJC_ARC = YES;
				CLANG_ENABLE_OBJC_WEAK = YES;
				CLANG_WARN_BLOCK_CAPTURE_AUTORELEASING = YES;
				CLANG_WARN_BOOL_CONVERSION = YES;
				CLANG_WARN_COMMA = YES;
				CLANG_WARN_CONSTANT_CONVERSION = YES;
				CLANG_WARN_DEPRECATED_OBJC_IMPLEMENTATIONS = YES;
				CLANG_WARN_DIRECT_OBJC_ISA_USAGE = YES_ERROR;
				CLANG_WARN_DOCUMENTATION_COMMENTS = YES;
				CLANG_WARN_EMPTY_BODY = YES;
				CLANG_WARN_ENUM_CONVERSION = YES;
				CLANG_WARN_INFINITE_RECURSION = YES;
				CLANG_WARN_INT_CONVERSION = YES;
				CLANG_WARN_NON_LITERAL_NULL_CONVERSION = YES;
				CLANG_WARN_OBJC_IMPLICIT_RETAIN_SELF = YES;
				CLANG_WARN_OBJC_LITERAL_CONVERSION = YES;
				CLANG_WARN_OBJC_ROOT_CLASS = YES_ERROR;
				CLANG_WARN_QUOTED_INCLUDE_IN_FRAMEWORK_HEADER = YES;
				CLANG_WARN_RANGE_LOOP_ANALYSIS = YES;
				CLANG_WARN_STRICT_PROTOTYPES = YES;
				CLANG_WARN_SUSPICIOUS_MOVE = YES;
				CLANG_WARN_UNGUARDED_AVAILABILITY = YES_AGGRESSIVE;
				CLANG_WARN_UNREACHABLE_CODE = YES;
				CLANG_WARN__DUPLICATE_METHOD_MATCH = YES;
				COPY_PHASE_STRIP = NO;
				DEBUG_INFORMATION_FORMAT = "dwarf-with-dsym";
				ENABLE_NS_ASSERTIONS = NO;
				ENABLE_STRICT_OBJC_MSGSEND = YES;
				ENABLE_USER_SCRIPT_SANDBOXING = YES;
				GCC_C_LANGUAGE_STANDARD = gnu17;
				GCC_NO_COMMON_BLOCKS = YES;
				GCC_WARN_64_TO_32_BIT_CONVERSION = YES;
				GCC_WARN_ABOUT_RETURN_TYPE = YES_ERROR;
				GCC_WARN_UNDECLARED_SELECTOR = YES;
				GCC_WARN_UNINITIALIZED_AUTOS = YES_AGGRESSIVE;
				GCC_WARN_UNUSED_FUNCTION = YES;
				GCC_WARN_UNUSED_VARIABLE = YES;
				IPHONEOS_DEPLOYMENT_TARGET = 17.5;
				LOCALIZATION_PREFERS_STRING_CATALOGS = YES;
				MTL_ENABLE_DEBUG_INFO = NO;
				MTL_FAST_MATH = YES;
				SDKROOT = iphoneos;
				SWIFT_COMPILATION_MODE = wholemodule;
				SWIFT_OBJC_BRIDGING_HEADER = "";
				VALIDATE_PRODUCT = YES;
			};
			name = Release;
		};
		AF869CBE2C3064AB0092E371 /* Debug */ = {
			isa = XCBuildConfiguration;
			buildSettings = {
				ASSETCATALOG_COMPILER_APPICON_NAME = AppIcon;
				ASSETCATALOG_COMPILER_GLOBAL_ACCENT_COLOR_NAME = AccentColor;
				CLANG_ENABLE_MODULES = YES;
				CODE_SIGN_STYLE = Automatic;
				CURRENT_PROJECT_VERSION = 1;
				DEVELOPMENT_ASSET_PATHS = "\"RouteBoard/Preview Content\"";
				DEVELOPMENT_TEAM = XR4F5YJM8R;
				ENABLE_PREVIEWS = YES;
				GENERATE_INFOPLIST_FILE = YES;
				INFOPLIST_FILE = RouteBoard/Info.plist;
				INFOPLIST_KEY_NSCameraUsageDescription = "Camera is used to detect outside rock climbing routes";
				INFOPLIST_KEY_UIApplicationSceneManifest_Generation = YES;
				INFOPLIST_KEY_UIApplicationSupportsIndirectInputEvents = YES;
				INFOPLIST_KEY_UILaunchScreen_Generation = YES;
				INFOPLIST_KEY_UISupportedInterfaceOrientations = UIInterfaceOrientationPortrait;
				IPHONEOS_DEPLOYMENT_TARGET = 18.0;
				LD_RUNPATH_SEARCH_PATHS = (
					"$(inherited)",
					"@executable_path/Frameworks",
				);
				MACOSX_DEPLOYMENT_TARGET = 15.0;
				MARKETING_VERSION = 1.0;
				MODULE_VERIFIER_SUPPORTED_LANGUAGES = "objective-c";
				PRODUCT_BUNDLE_IDENTIFIER = acvijanovic.RouteBoard;
				PRODUCT_NAME = "$(TARGET_NAME)";
				SWIFT_EMIT_LOC_STRINGS = YES;
				SWIFT_OBJC_BRIDGING_HEADER = "RouteBoard/RouteBoard-Bridging-Header.h";
				SWIFT_OBJC_INTEROP_MODE = objc;
				SWIFT_OPTIMIZATION_LEVEL = "-Onone";
				SWIFT_VERSION = 5.0;
				TARGETED_DEVICE_FAMILY = "1,2";
			};
			name = Debug;
		};
		AF869CBF2C3064AB0092E371 /* Release */ = {
			isa = XCBuildConfiguration;
			buildSettings = {
				ASSETCATALOG_COMPILER_APPICON_NAME = AppIcon;
				ASSETCATALOG_COMPILER_GLOBAL_ACCENT_COLOR_NAME = AccentColor;
				CLANG_ENABLE_MODULES = YES;
				CODE_SIGN_STYLE = Automatic;
				CURRENT_PROJECT_VERSION = 1;
				DEVELOPMENT_ASSET_PATHS = "\"RouteBoard/Preview Content\"";
				DEVELOPMENT_TEAM = XR4F5YJM8R;
				ENABLE_PREVIEWS = YES;
				GENERATE_INFOPLIST_FILE = YES;
				INFOPLIST_FILE = RouteBoard/Info.plist;
				INFOPLIST_KEY_NSCameraUsageDescription = "Camera is used to detect outside rock climbing routes";
				INFOPLIST_KEY_UIApplicationSceneManifest_Generation = YES;
				INFOPLIST_KEY_UIApplicationSupportsIndirectInputEvents = YES;
				INFOPLIST_KEY_UILaunchScreen_Generation = YES;
				INFOPLIST_KEY_UISupportedInterfaceOrientations = UIInterfaceOrientationPortrait;
				IPHONEOS_DEPLOYMENT_TARGET = 18.0;
				LD_RUNPATH_SEARCH_PATHS = (
					"$(inherited)",
					"@executable_path/Frameworks",
				);
				MACOSX_DEPLOYMENT_TARGET = 15.0;
				MARKETING_VERSION = 1.0;
				MODULE_VERIFIER_SUPPORTED_LANGUAGES = "objective-c";
				PRODUCT_BUNDLE_IDENTIFIER = acvijanovic.RouteBoard;
				PRODUCT_NAME = "$(TARGET_NAME)";
				SWIFT_EMIT_LOC_STRINGS = YES;
				SWIFT_OBJC_BRIDGING_HEADER = "RouteBoard/RouteBoard-Bridging-Header.h";
				SWIFT_OBJC_INTEROP_MODE = objc;
				SWIFT_VERSION = 5.0;
				TARGETED_DEVICE_FAMILY = "1,2";
			};
			name = Release;
		};
		AF869CC12C3064AB0092E371 /* Debug */ = {
			isa = XCBuildConfiguration;
			buildSettings = {
				BUNDLE_LOADER = "$(TEST_HOST)";
				CODE_SIGN_STYLE = Automatic;
				CURRENT_PROJECT_VERSION = 1;
				DEVELOPMENT_TEAM = XR4F5YJM8R;
				GENERATE_INFOPLIST_FILE = YES;
				IPHONEOS_DEPLOYMENT_TARGET = 17.5;
				MARKETING_VERSION = 1.0;
				PRODUCT_BUNDLE_IDENTIFIER = acvijanovic.RouteBoardTests;
				PRODUCT_NAME = "$(TARGET_NAME)";
				SWIFT_EMIT_LOC_STRINGS = NO;
				SWIFT_VERSION = 5.0;
				TARGETED_DEVICE_FAMILY = "1,2";
				TEST_HOST = "$(BUILT_PRODUCTS_DIR)/RouteBoard.app/$(BUNDLE_EXECUTABLE_FOLDER_PATH)/RouteBoard";
			};
			name = Debug;
		};
		AF869CC22C3064AB0092E371 /* Release */ = {
			isa = XCBuildConfiguration;
			buildSettings = {
				BUNDLE_LOADER = "$(TEST_HOST)";
				CODE_SIGN_STYLE = Automatic;
				CURRENT_PROJECT_VERSION = 1;
				DEVELOPMENT_TEAM = XR4F5YJM8R;
				GENERATE_INFOPLIST_FILE = YES;
				IPHONEOS_DEPLOYMENT_TARGET = 17.5;
				MARKETING_VERSION = 1.0;
				PRODUCT_BUNDLE_IDENTIFIER = acvijanovic.RouteBoardTests;
				PRODUCT_NAME = "$(TARGET_NAME)";
				SWIFT_EMIT_LOC_STRINGS = NO;
				SWIFT_VERSION = 5.0;
				TARGETED_DEVICE_FAMILY = "1,2";
				TEST_HOST = "$(BUILT_PRODUCTS_DIR)/RouteBoard.app/$(BUNDLE_EXECUTABLE_FOLDER_PATH)/RouteBoard";
			};
			name = Release;
		};
		AF869CC42C3064AB0092E371 /* Debug */ = {
			isa = XCBuildConfiguration;
			buildSettings = {
				CODE_SIGN_STYLE = Automatic;
				CURRENT_PROJECT_VERSION = 1;
				DEVELOPMENT_TEAM = XR4F5YJM8R;
				GENERATE_INFOPLIST_FILE = YES;
				MARKETING_VERSION = 1.0;
				PRODUCT_BUNDLE_IDENTIFIER = acvijanovic.RouteBoardUITests;
				PRODUCT_NAME = "$(TARGET_NAME)";
				SWIFT_EMIT_LOC_STRINGS = NO;
				SWIFT_VERSION = 5.0;
				TARGETED_DEVICE_FAMILY = "1,2";
				TEST_TARGET_NAME = RouteBoard;
			};
			name = Debug;
		};
		AF869CC52C3064AB0092E371 /* Release */ = {
			isa = XCBuildConfiguration;
			buildSettings = {
				CODE_SIGN_STYLE = Automatic;
				CURRENT_PROJECT_VERSION = 1;
				DEVELOPMENT_TEAM = XR4F5YJM8R;
				GENERATE_INFOPLIST_FILE = YES;
				MARKETING_VERSION = 1.0;
				PRODUCT_BUNDLE_IDENTIFIER = acvijanovic.RouteBoardUITests;
				PRODUCT_NAME = "$(TARGET_NAME)";
				SWIFT_EMIT_LOC_STRINGS = NO;
				SWIFT_VERSION = 5.0;
				TARGETED_DEVICE_FAMILY = "1,2";
				TEST_TARGET_NAME = RouteBoard;
			};
			name = Release;
		};
/* End XCBuildConfiguration section */

/* Begin XCConfigurationList section */
		AF0243732D1C7CDF0007748D /* Build configuration list for PBXNativeTarget "GeneratedClient" */ = {
			isa = XCConfigurationList;
			buildConfigurations = (
				AF0243742D1C7CDF0007748D /* Debug */,
				AF0243752D1C7CDF0007748D /* Release */,
			);
			defaultConfigurationIsVisible = 0;
			defaultConfigurationName = Release;
		};
		AF869C942C3064AA0092E371 /* Build configuration list for PBXProject "RouteBoard" */ = {
			isa = XCConfigurationList;
			buildConfigurations = (
				AF869CBB2C3064AB0092E371 /* Debug */,
				AF869CBC2C3064AB0092E371 /* Release */,
			);
			defaultConfigurationIsVisible = 0;
			defaultConfigurationName = Release;
		};
		AF869CBD2C3064AB0092E371 /* Build configuration list for PBXNativeTarget "RouteBoard" */ = {
			isa = XCConfigurationList;
			buildConfigurations = (
				AF869CBE2C3064AB0092E371 /* Debug */,
				AF869CBF2C3064AB0092E371 /* Release */,
			);
			defaultConfigurationIsVisible = 0;
			defaultConfigurationName = Release;
		};
		AF869CC02C3064AB0092E371 /* Build configuration list for PBXNativeTarget "RouteBoardTests" */ = {
			isa = XCConfigurationList;
			buildConfigurations = (
				AF869CC12C3064AB0092E371 /* Debug */,
				AF869CC22C3064AB0092E371 /* Release */,
			);
			defaultConfigurationIsVisible = 0;
			defaultConfigurationName = Release;
		};
		AF869CC32C3064AB0092E371 /* Build configuration list for PBXNativeTarget "RouteBoardUITests" */ = {
			isa = XCConfigurationList;
			buildConfigurations = (
				AF869CC42C3064AB0092E371 /* Debug */,
				AF869CC52C3064AB0092E371 /* Release */,
			);
			defaultConfigurationIsVisible = 0;
			defaultConfigurationName = Release;
		};
/* End XCConfigurationList section */

/* Begin XCRemoteSwiftPackageReference section */
		AF78ECA72D1C8003009F3B79 /* XCRemoteSwiftPackageReference "swift-openapi-generator" */ = {
			isa = XCRemoteSwiftPackageReference;
			repositoryURL = "https://github.com/apple/swift-openapi-generator";
			requirement = {
				kind = upToNextMinorVersion;
				minimumVersion = 1.6.0;
			};
		};
		AF78ECA82D1C8019009F3B79 /* XCRemoteSwiftPackageReference "swift-openapi-runtime" */ = {
			isa = XCRemoteSwiftPackageReference;
			repositoryURL = "https://github.com/apple/swift-openapi-runtime";
			requirement = {
				kind = upToNextMinorVersion;
				minimumVersion = 1.7.0;
			};
		};
		AF8DA6502CD7D14E00751865 /* XCRemoteSwiftPackageReference "swift-openapi-runtime" */ = {
			isa = XCRemoteSwiftPackageReference;
			repositoryURL = "https://github.com/apple/swift-openapi-runtime";
			requirement = {
				kind = exactVersion;
				version = 1.7.0;
			};
		};
		AF8DA6512CD7D16900751865 /* XCRemoteSwiftPackageReference "swift-openapi-urlsession" */ = {
			isa = XCRemoteSwiftPackageReference;
			repositoryURL = "https://github.com/apple/swift-openapi-urlsession";
			requirement = {
				kind = exactVersion;
				version = 1.0.2;
			};
		};
		AFBED2852D123FA0002CA393 /* XCRemoteSwiftPackageReference "opencv-spm" */ = {
			isa = XCRemoteSwiftPackageReference;
			repositoryURL = "https://github.com/yeatse/opencv-spm.git";
			requirement = {
				kind = exactVersion;
				version = 4.10.0;
			};
		};
		AFD92D882D1CCB1600B68D92 /* XCRemoteSwiftPackageReference "swift-openapi-urlsession" */ = {
			isa = XCRemoteSwiftPackageReference;
			repositoryURL = "https://github.com/apple/swift-openapi-urlsession";
			requirement = {
				kind = upToNextMinorVersion;
				minimumVersion = 1.0.2;
			};
		};
		AFD92D992D1CCDEE00B68D92 /* XCRemoteSwiftPackageReference "swift-http-types" */ = {
			isa = XCRemoteSwiftPackageReference;
			repositoryURL = "https://github.com/apple/swift-http-types";
			requirement = {
				kind = upToNextMinorVersion;
				minimumVersion = 1.3.1;
			};
		};
/* End XCRemoteSwiftPackageReference section */

/* Begin XCSwiftPackageProductDependency section */
		AF35C65B2CD7E2A400FEBC40 /* OpenAPIRuntime */ = {
			isa = XCSwiftPackageProductDependency;
			package = AF8DA6502CD7D14E00751865 /* XCRemoteSwiftPackageReference "swift-openapi-runtime" */;
			productName = OpenAPIRuntime;
		};
		AF35C65D2CD7E2A700FEBC40 /* OpenAPIURLSession */ = {
			isa = XCSwiftPackageProductDependency;
			package = AF8DA6512CD7D16900751865 /* XCRemoteSwiftPackageReference "swift-openapi-urlsession" */;
			productName = OpenAPIURLSession;
		};
		AF78ECA92D1C8019009F3B79 /* OpenAPIRuntime */ = {
			isa = XCSwiftPackageProductDependency;
			package = AF78ECA82D1C8019009F3B79 /* XCRemoteSwiftPackageReference "swift-openapi-runtime" */;
			productName = OpenAPIRuntime;
		};
		AF78ECAE2D1C8078009F3B79 /* plugin:OpenAPIGenerator */ = {
			isa = XCSwiftPackageProductDependency;
			package = AF78ECA72D1C8003009F3B79 /* XCRemoteSwiftPackageReference "swift-openapi-generator" */;
			productName = "plugin:OpenAPIGenerator";
		};
		AFBED2862D123FA0002CA393 /* OpenCV */ = {
			isa = XCSwiftPackageProductDependency;
			package = AFBED2852D123FA0002CA393 /* XCRemoteSwiftPackageReference "opencv-spm" */;
			productName = OpenCV;
		};
		AFD92D892D1CCB1600B68D92 /* OpenAPIURLSession */ = {
			isa = XCSwiftPackageProductDependency;
			package = AFD92D882D1CCB1600B68D92 /* XCRemoteSwiftPackageReference "swift-openapi-urlsession" */;
			productName = OpenAPIURLSession;
		};
		AFD92D9A2D1CCDEE00B68D92 /* HTTPTypes */ = {
			isa = XCSwiftPackageProductDependency;
			package = AFD92D992D1CCDEE00B68D92 /* XCRemoteSwiftPackageReference "swift-http-types" */;
			productName = HTTPTypes;
		};
		AFD92D9C2D1CCDEE00B68D92 /* HTTPTypesFoundation */ = {
			isa = XCSwiftPackageProductDependency;
			package = AFD92D992D1CCDEE00B68D92 /* XCRemoteSwiftPackageReference "swift-http-types" */;
			productName = HTTPTypesFoundation;
		};
/* End XCSwiftPackageProductDependency section */
	};
	rootObject = AF869C912C3064AA0092E371 /* Project object */;
}
